lockfileVersion: '9.0'

settings:
  autoInstallPeers: true
  excludeLinksFromLockfile: false

importers:

  .:
    devDependencies:
      '@types/bun':
        specifier: ^1.4.1
        version: 1.4.1
      '@types/chrome':
        specifier: ^0.2.8
        version: 0.2.8
      '@types/jquery':
        specifier: ^1.10.45
        version: 1.10.45
      '@types/node':
        specifier: ^26.4.1
        version: 26.4.1
      '@types/semver':
        specifier: ^7.8.0
        version: 7.8.0
      bun:
        specifier: ^1.4.2
        version: 1.4.2
      ccmoddb:
        specifier: github:CCDirectLink/CCModDB
        version: https://codeload.github.com/CCDirectLink/CCModDB/tar.gz/5db0f12e388904b7c1b44ca256a76c21a012022e
      crosscode-demonizer:
        specifier: github:krypciak/crosscode-demonizer
        version: https://codeload.github.com/krypciak/crosscode-demonizer/tar.gz/d310002e3b2a8835ed977f1dda0c013dbcb006eb
      esbuild:
        specifier: ^0.28.2
        version: 0.28.2
      fflate:
        specifier: ^0.8.3
        version: 0.8.3
      fuzzysort:
        specifier: ^2.0.4
        version: 2.0.4
      marked:
        specifier: ^12.0.2
        version: 12.0.2
      oxfmt:
        specifier: ^0.60.0
        version: 0.60.0
      rimraf:
        specifier: ^3.0.2
        version: 3.0.2
      typescript:
        specifier: ^7.0.2
        version: 7.0.2
      ultimate-crosscode-typedefs:
        specifier: github:krypciak/ultimate-crosscode-typedefs
        version: https://codeload.github.com/krypciak/ultimate-crosscode-typedefs/tar.gz/13484102baaff552c3c48a69e111c2cd0487d6d5

packages:

  '@esbuild/aix-ppc64@0.28.2':
    resolution: {integrity: sha512-XExcO+dvLKvVtNTibSTBej1NCAbaGhWn9Ww1ZPx80qsahhPFe/8jgWP0IchNe0F3HwkU7n8ejhH8bjonqht8mQ==}
    engines: {node: '>=18'}
    cpu: [ppc64]
    os: [aix]

  '@esbuild/android-arm64@0.28.2':
    resolution: {integrity: sha512-5YfKeeI8qWfBZIX+u2xZC3Zlb3Os/gLS2sbEKM+I4ZOcsWmHS2WLysCcQZDAFRslDUU5Oiq44gf6PYN1vGwG5A==}
    engines: {node: '>=18'}
    cpu: [arm64]
    os: [android]

  '@esbuild/android-arm@0.28.2':
    resolution: {integrity: sha512-kXXoiPVVGQcnIYGOeaovwOURpniDBpSq4A03qkQ+BMQqtGG6HYap3xne9C1O1yo4TR3qxlCX5IqqmX6fFo2Lqg==}
    engines: {node: '>=18'}
    cpu: [arm]
    os: [android]

  '@esbuild/android-x64@0.28.2':
    resolution: {integrity: sha512-O387ite7SzUyCcy3JQX4P4bLtEA7bLLkx+esve5JHnyYfNTxcVpXZo9jhdB0lTKN44gztELTdU7nS8Nr16Fs1Q==}
    engines: {node: '>=18'}
    cpu: [x64]
    os: [android]

  '@esbuild/darwin-arm64@0.28.2':
    resolution: {integrity: sha512-n4KqkOQrraxHJcgjM1RvwbigfQKIKJVpM7xp+KsxiyUSrRdIXnt73VhrPAx0fV44hgfmIVKjxMN9J1t5jySVkw==}
    engines: {node: '>=18'}
    cpu: [arm64]
    os: [darwin]

  '@esbuild/darwin-x64@0.28.2':
    resolution: {integrity: sha512-uq6suIWYP37qzGddBKPw5QEQPi6HiLGsO7UmkpfyaYNQ3D+rN6w6WfwH+nuqcGXWvawGwxOEroO4YGnFh95azw==}
    engines: {node: '>=18'}
    cpu: [x64]
    os: [darwin]

  '@esbuild/freebsd-arm64@0.28.2':
    resolution: {integrity: sha512-n+I0BTSRIoy+d6RPKnEVwql5UwBJolytvY4mAOIEJorKlqgPII8ix6slVVrfZ5Tnj7glIZvloylbB/EJPMWEXw==}
    engines: {node: '>=18'}
    cpu: [arm64]
    os: [freebsd]

  '@esbuild/freebsd-x64@0.28.2':
    resolution: {integrity: sha512-78XJTJkvPs0kz2w61301PJjXl4g7q3JqiYMZ/M/yVI73EHBrCRTgkhu9oqG7vPqq+a/yadEW8aD+agKlk5xrmg==}
    engines: {node: '>=18'}
    cpu: [x64]
    os: [freebsd]

  '@esbuild/linux-arm64@0.28.2':
    resolution: {integrity: sha512-pW4AC0P3it8c7do9MVM4p51FzHzdM/TZrerurgRcHJ2WTa1VQ1CIq18xncfpBJw4ojkiZZrKW2yIBWBP92j6Ug==}
    engines: {node: '>=18'}
    cpu: [arm64]
    os: [linux]

  '@esbuild/linux-arm@0.28.2':
    resolution: {integrity: sha512-XlDnu2q5yoqems+xay6wSAcg9DDD7K9RLKZEBOMZm3ckNpJBvOX20tSfby8KfrrhINDyv9V2YVZKY/SpoGJI8w==}
    engines: {node: '>=18'}
    cpu: [arm]
    os: [linux]

  '@esbuild/linux-ia32@0.28.2':
    resolution: {integrity: sha512-CYbnj78HsIeA+DhgUKgFCfvNsTHFhMMrinUrMZpDXJXKN8T3XViTZ/+wtHeVxEWY8ewSzTFN+nRmSwO2tZaLUQ==}
    engines: {node: '>=18'}
    cpu: [ia32]
    os: [linux]

  '@esbuild/linux-loong64@0.28.2':
    resolution: {integrity: sha512-buwkd8nsph4R+ajRvw0qM5Hja/TXQow3ptzWO2EbG/cqcIkHloRrdlBtQlshyYGTNFvfkfJ5tpPLVkY4DtsPfQ==}
    engines: {node: '>=18'}
    cpu: [loong64]
    os: [linux]

  '@esbuild/linux-mips64el@0.28.2':
    resolution: {integrity: sha512-ZVykbDyk7519VwiNb9Lcj9m8XM6v5V9uKPvrEMkkEedVewf+0itkhahp4HDpgERXhwLRpWFypsGbG/J8s0QjJA==}
    engines: {node: '>=18'}
    cpu: [mips64el]
    os: [linux]

  '@esbuild/linux-ppc64@0.28.2':
    resolution: {integrity: sha512-CAXl+Dtd9UUuJd8pKKdwh6MLm3MUMiqMPmhZ3tTSXPqfyQ3vDl6R5hZdZ/kYojK4ofXtdfSv1tFq8XzWx3heNQ==}
    engines: {node: '>=18'}
    cpu: [ppc64]
    os: [linux]

  '@esbuild/linux-riscv64@0.28.2':
    resolution: {integrity: sha512-GeXCej4IQtU1B+QlDV8W/RRvbzI3O/Stss+/bCXv4lZls5WGRtu2a+3JkA3i4qIUlMXpcHebWpF8AkJhATowuA==}
    engines: {node: '>=18'}
    cpu: [riscv64]
    os: [linux]

  '@esbuild/linux-s390x@0.28.2':
    resolution: {integrity: sha512-3H1weTYZPxt/WOhByszQZybS9w5lKzUn1FDMsgEChbHWQwHYQQRfBxgCcZvPhjHfKyJjIievvMmEUawJrdY9Dg==}
    engines: {node: '>=18'}
    cpu: [s390x]
    os: [linux]

  '@esbuild/linux-x64@0.28.2':
    resolution: {integrity: sha512-4xTZr1FUmSoQW4XIWmit3tzQrUTZM+N3P0XV8xROKYF50XfI7xeO90+1bZvNwxIufQ9hDQVRJH5YhgPVF8A/HQ==}
    engines: {node: '>=18'}
    cpu: [x64]
    os: [linux]

  '@esbuild/netbsd-arm64@0.28.2':
    resolution: {integrity: sha512-sSATRjPeDBg3pdgHoQfoYBob11Kk1FGa9lui5RIHZCoCkJa9QKlvl3/vKz2usCmYYjs7ymJR/2Nnsqe+Hjt5nw==}
    engines: {node: '>=18'}
    cpu: [arm64]
    os: [netbsd]

  '@esbuild/netbsd-x64@0.28.2':
    resolution: {integrity: sha512-lqnzCV+mM0gIADaKihiCg6ifgfU2L3h5E33rNQBN1Y4MaVGnzryzmvvf7UHxprpQdE8hpqLolJ9Rl+SkIRDpyw==}
    engines: {node: '>=18'}
    cpu: [x64]
    os: [netbsd]

  '@esbuild/openbsd-arm64@0.28.2':
    resolution: {integrity: sha512-AL2qJILH7lNjrDmCQDvdxMfAUIv8KMNZOvrwAQ8i8//ntL9FflhOyMJ8OZSMBb8/AWXe3/5v5S20y3zCoZWKoQ==}
    engines: {node: '>=18'}
    cpu: [arm64]
    os: [openbsd]

  '@esbuild/openbsd-x64@0.28.2':
    resolution: {integrity: sha512-QtiuPytchRyC4rwUKhexJdQKvDuZ6hWloi3igqPQNUJCS1/v9EiO3UTOXR6A3FoMo4fnAKbWJdqaIwhOzh8qEw==}
    engines: {node: '>=18'}
    cpu: [x64]
    os: [openbsd]

  '@esbuild/openharmony-arm64@0.28.2':
    resolution: {integrity: sha512-WkhYDmpTjLvGlScA1rwjRUmhl4k8oXR3cIbtqWmELgU/dFeHHlEllxDvdWcNJV9rbzCexB5vz8gtNewWLgCT7Q==}
    engines: {node: '>=18'}
    cpu: [arm64]
    os: [openharmony]

  '@esbuild/sunos-x64@0.28.2':
    resolution: {integrity: sha512-GPMSkTOtMnv2U2F8gxe4Io6qmVs+YKyp832Etqqxr0hFngmXQ3rzwytelm3GIn7T4VviRUlf3sOgBOiTdvaf7g==}
    engines: {node: '>=18'}
    cpu: [x64]
    os: [sunos]

  '@esbuild/win32-arm64@0.28.2':
    resolution: {integrity: sha512-PIhhEkE9uPBleRBrQEJpUn7MBnibZzbGzYWPmY3x+YoVg/95zbjB4CxPPOQ8l5tYYM4mMaCthF8/1DIfBQQyWQ==}
    engines: {node: '>=18'}
    cpu: [arm64]
    os: [win32]

  '@esbuild/win32-ia32@0.28.2':
    resolution: {integrity: sha512-YmJbfTlvU7Sdn9BB+4PRES4oB6pxgS37MAONj+hBr/cpXS1aBPKXxNnDbu+QCWPj0o9dgyxeq79g6c5P8KeuYA==}
    engines: {node: '>=18'}
    cpu: [ia32]
    os: [win32]

  '@esbuild/win32-x64@0.28.2':
    resolution: {integrity: sha512-5ebpxr3nWMzrL/rnUI755Jkuee0bHL/Gq0WTF9lvcpv73wAp5eu8MfBUgWK9bhWvZjj7yX8etf/8tI8Ney695g==}
    engines: {node: '>=18'}
    cpu: [x64]
    os: [win32]

  '@kwsites/file-exists@1.1.1':
    resolution: {integrity: sha512-m9/5YGR18lIwxSFDwfE3oA7bWuq9kdau6ugN4H2rJeyhFQZcG9AgSHkQtSD15a8WvTgfz9aikZMrKPHvbpqFiw==}

  '@kwsites/promise-deferred@1.1.1':
    resolution: {integrity: sha512-GaHYm+c0O9MjZRu0ongGBRbinu8gVAMd2UZjji6jVmqKtZluZnptXGWhz1E8j8D2HJ3f/yMxKAUC0b+57wncIw==}

  '@oven/bun-darwin-aarch64@1.4.2':
    resolution: {integrity: sha512-MXdZkP1featqxZ+/VTXWG1BVjM4OGBehVY2Q88EeUj/7L0UMeCGItmyPYTN+wxvlGJ6F66JEtzsw+GvQWewnag==}
    cpu: [arm64]
    os: [darwin]

  '@oven/bun-darwin-x64@1.4.2':
    resolution: {integrity: sha512-gZTxZuLjkUhAWjTETu3tw0WhsEdNkJ64daj60ybhPf835a2yollV3yTkK9JozvzKPx4TRFzLSl8C+U525pxVbw==}
    cpu: [x64]
    os: [darwin]

  '@oven/bun-freebsd-aarch64@1.4.2':
    resolution: {integrity: sha512-SMNItMw1Z8QeeQVKnw8jA7xQNkeXdP+OPgin4Wi/QTx/B8RHHLnuZfqmFy7NtVeT2NF0kKYppW4WWd2CCYZjhQ==}
    cpu: [arm64]
    os: [freebsd]

  '@oven/bun-freebsd-x64@1.4.2':
    resolution: {integrity: sha512-THbPKXhO54N0DpFRKZNDZpQ7dpbX0bWASuARckAUS9wRtFIHsiY+uULXJvxJGo2YD1YewvXQ4G8Fj7XT5oBCiw==}
    cpu: [x64]
    os: [freebsd]

  '@oven/bun-linux-aarch64-android@1.4.2':
    resolution: {integrity: sha512-3mZKO2rhsNgbAUtAHC1UKUlF2zTxFraDZT/Elv8wzyH0fJL9h+Iv3TgB9lO63w89PRn3eFe+NRA1bhVgikKNPQ==}
    cpu: [arm64]
    os: [android]

  '@oven/bun-linux-aarch64-musl@1.4.2':
    resolution: {integrity: sha512-+Sm6y+lSiSFBOtXmnekp5Q6n1tUKlyv71FCPWBc61Cgb14T5eBs8SN/nh4MUCOKzONkI3O+as3MGUgikS4aCBQ==}
    cpu: [arm64]
    os: [linux]
    libc: [musl]

  '@oven/bun-linux-aarch64@1.4.2':
    resolution: {integrity: sha512-3BBP9ovJ2RGHFH6Ae1CAtxNtG1+YY6GD6rmYbsUosoAk9+OEl6zeDQ/k4fBkc6dYOJCtWnx8hUxzNzQATSmvYQ==}
    cpu: [arm64]
    os: [linux]
    libc: [glibc]

  '@oven/bun-linux-x64-android@1.4.2':
    resolution: {integrity: sha512-6HC5tzcC79113n2IHCTJMWv+HsQImv4ZFEK2XpYLxY6HbT8tM4cUM2Zv1bHZBQsS3jv/zYBamDJ1UX7If0d5tw==}
    cpu: [x64]
    os: [android]

  '@oven/bun-linux-x64-musl@1.4.2':
    resolution: {integrity: sha512-vVTKUg1bnPhRP/Hp73jIVoFh2vPFNYEqYX0ERKfZBOQEEHitNAeukZzzuUDZS0SoDCIpuWUGSpd/CDMbjdR+Uw==}
    cpu: [x64]
    os: [linux]
    libc: [musl]

  '@oven/bun-linux-x64@1.4.2':
    resolution: {integrity: sha512-9/E/UXOTpSo3YsV5g+FhtTd/qTpiWoKuxS12cqtuYA1ssu9fRAoPQnipFgGyck3tWO63iUdxBiygq+kELFawng==}
    cpu: [x64]
    os: [linux]
    libc: [glibc]

  '@oven/bun-windows-aarch64@1.4.2':
    resolution: {integrity: sha512-8EJ1ST7339WJE3poPW5nBgVW/lWf9HBz4W27ZUNhburKmcBLOByPyE6DP9fHD8FQGm5c+ilUN2hX1mrW0jxq9Q==}
    cpu: [arm64]
    os: [win32]

  '@oven/bun-windows-x64@1.4.2':
    resolution: {integrity: sha512-+bN6OuVld/9diT/RLSXSW7JE6CvNE3gL9XsAEjULi1nUsXd6DNO6GuA9jNdNb3r8PdJFnYHr5aypNV1Oj3Rd9g==}
    cpu: [x64]
    os: [win32]

  '@oxfmt/binding-android-arm-eabi@0.60.0':
    resolution: {integrity: sha512-1q4q4Jc8FlOMVojEisyFAVyl8h1yawNv6phjgmhGVEDeyeOdsSnSr9x0+D4mOnEKvpO5L4mxKZ/DP9X6U3A/Mw==}
    engines: {node: ^20.19.0 || >=22.12.0}
    cpu: [arm]
    os: [android]

  '@oxfmt/binding-android-arm64@0.60.0':
    resolution: {integrity: sha512-tD41I6nCt9k8SQXft0CSjjU9jg6SwG7uMu7PxodSEHXl+GDW0868oy6tTtoJkyUze8YKFgTpz/k5LuPUnFiGLw==}
    engines: {node: ^20.19.0 || >=22.12.0}
    cpu: [arm64]
    os: [android]

  '@oxfmt/binding-darwin-arm64@0.60.0':
    resolution: {integrity: sha512-TTpzPug96Zxdyb46KvTyIUQDdsqbumXh2TKG9C23PCT0kF7JkW56Z/quPuG9rqOFKQIi1gpRNZ7DX18LwxXPnw==}
    engines: {node: ^20.19.0 || >=22.12.0}
    cpu: [arm64]
    os: [darwin]

  '@oxfmt/binding-darwin-x64@0.60.0':
    resolution: {integrity: sha512-CnOoWgQ7L+JL/YQaRJ+NyATciSfcftncm7y3kqyte1cGtFEGnStaCd1TAyrinkfQ7nRBfHrTs1/vTwUJr3WF2Q==}
    engines: {node: ^20.19.0 || >=22.12.0}
    cpu: [x64]
    os: [darwin]

  '@oxfmt/binding-freebsd-x64@0.60.0':
    resolution: {integrity: sha512-ychJo7S3hZxdO6eDZ9zM6F2lM9fpJS3EKS5CAUSWyprdLYxTu4gbaUKV/VBPTcMJwQa2Bpo+643y3OJ537pihA==}
    engines: {node: ^20.19.0 || >=22.12.0}
    cpu: [x64]
    os: [freebsd]

  '@oxfmt/binding-linux-arm-gnueabihf@0.60.0':
    resolution: {integrity: sha512-36IH5o55T2Fx7E0feDttt+mifxN6yk9pWv4KfhAIsP0dFnUq27331OwbpOsZdoXF9soOLWm7mQUz5+UUmyec4g==}
    engines: {node: ^20.19.0 || >=22.12.0}
    cpu: [arm]
    os: [linux]

  '@oxfmt/binding-linux-arm-musleabihf@0.60.0':
    resolution: {integrity: sha512-G1Ve7lAa6sFBolVI2LWHfEAqy0YKh4vnioH8uYO9kAEdgM7mR40IksIx9/Zk4+vbYew/sGa4J9Q4tZ3n9gXDHA==}
    engines: {node: ^20.19.0 || >=22.12.0}
    cpu: [arm]
    os: [linux]

  '@oxfmt/binding-linux-arm64-gnu@0.60.0':
    resolution: {integrity: sha512-LTQdRBf6uzj/h7Xk6lKzbGD2hrF/fK4YI9LIN1c0509tPUn8wRa3mCmrFQpEWJPLYGFrLFFMTYW1Ljj6VqW2Hw==}
    engines: {node: ^20.19.0 || >=22.12.0}
    cpu: [arm64]
    os: [linux]
    libc: [glibc]

  '@oxfmt/binding-linux-arm64-musl@0.60.0':
    resolution: {integrity: sha512-2JMo3XPxMPx3hiqddSZYyaH+fKJm6cz0u8n1naYjP/CdOQOZW34i8lKBUfmbWiuFvd6KoYXLmhAyBuvojsYS7Q==}
    engines: {node: ^20.19.0 || >=22.12.0}
    cpu: [arm64]
    os: [linux]
    libc: [musl]

  '@oxfmt/binding-linux-ppc64-gnu@0.60.0':
    resolution: {integrity: sha512-L3C+nBD13lr306tr/PjM3RMll+BVqgFrIgUyoeHuai5oueJrRLgO3j+GO5/Cbhtkf5PSlHYTI1JY7iqBd1qa6A==}
    engines: {node: ^20.19.0 || >=22.12.0}
    cpu: [ppc64]
    os: [linux]
    libc: [glibc]

  '@oxfmt/binding-linux-riscv64-gnu@0.60.0':
    resolution: {integrity: sha512-M4MsmvqlxFiPtSRGyBYQSZxchEf463AOyd+Dh4/9xDpjWBsRtDUTDMFN5EdHinjVK1/eDJQ8MLpcYjpYayaCnA==}
    engines: {node: ^20.19.0 || >=22.12.0}
    cpu: [riscv64]
    os: [linux]
    libc: [glibc]

  '@oxfmt/binding-linux-riscv64-musl@0.60.0':
    resolution: {integrity: sha512-OH+9UskYuxRB+GxqdGkVN8f5UpwhqG8YscNo1wl8+KJ62cd7wZdGga6iGLJIf8kibF1WBwvlfDUx3cez/VXwFg==}
    engines: {node: ^20.19.0 || >=22.12.0}
    cpu: [riscv64]
    os: [linux]
    libc: [musl]

  '@oxfmt/binding-linux-s390x-gnu@0.60.0':
    resolution: {integrity: sha512-y7AAFutt9wFWBFOAn6+BHaV39usZmcr3YYH2385f+NHgPNpIF9HpqKp0jgUxPaUOCyG3oaX5VhJduL1Nw164rw==}
    engines: {node: ^20.19.0 || >=22.12.0}
    cpu: [s390x]
    os: [linux]
    libc: [glibc]

  '@oxfmt/binding-linux-x64-gnu@0.60.0':
    resolution: {integrity: sha512-yKZ9+CXAI+1RO5nH/4Z/9M6DAsfOzd5bw/gtWk81KB4mpalMaRRSXfouc5/tHxazDmBek55HNPepNYBgaCew0Q==}
    engines: {node: ^20.19.0 || >=22.12.0}
    cpu: [x64]
    os: [linux]
    libc: [glibc]

  '@oxfmt/binding-linux-x64-musl@0.60.0':
    resolution: {integrity: sha512-bCUGaF6hJOYnQzLJdHLZbvGsOd5oSvGAyJhPAKum2uyLYUuXmP8vqg690DWi2hqcnIoYpqSqCrjzE5aiUAgwQg==}
    engines: {node: ^20.19.0 || >=22.12.0}
    cpu: [x64]
    os: [linux]
    libc: [musl]

  '@oxfmt/binding-openharmony-arm64@0.60.0':
    resolution: {integrity: sha512-GrUeZOvzP30ExxfCuQiyofuUGI+OmvAgFwOO5w5p9mGPlxcyuqI+6Sy9fAKFFfLQrqKYWFgc5sYA2Unj/29nPg==}
    engines: {node: ^20.19.0 || >=22.12.0}
    cpu: [arm64]
    os: [openharmony]

  '@oxfmt/binding-win32-arm64-msvc@0.60.0':
    resolution: {integrity: sha512-WD4Q954kUl2TDJV/6q7UnE2rlKk047kXLJsr4bJ2mXRaAqNXcmV3nwKUsGCc3mz/jYDBnXtJEaBErJEybK8iQQ==}
    engines: {node: ^20.19.0 || >=22.12.0}
    cpu: [arm64]
    os: [win32]

  '@oxfmt/binding-win32-ia32-msvc@0.60.0':
    resolution: {integrity: sha512-HqDekjr8JXzVDUP1YthDZ1Y3CBEcuZT4WX3B+1kaxj8CvZA8Y2YhcEsXqoSop3tVsgjACxjnFQFDkBo0r/jq1Q==}
    engines: {node: ^20.19.0 || >=22.12.0}
    cpu: [ia32]
    os: [win32]

  '@oxfmt/binding-win32-x64-msvc@0.60.0':
    resolution: {integrity: sha512-tz78yhmGPKboTMHCHSaUqXK8JrmoSejgDcWeqAtg2s07ZGKQ3rH5Jn8NuXPGNG33CDbY2e9NoQWXIVEmKO21Rw==}
    engines: {node: ^20.19.0 || >=22.12.0}
    cpu: [x64]
    os: [win32]

  '@simple-git/args-pathspec@1.0.3':
    resolution: {integrity: sha512-ngJMaHlsWDTfjyq9F3VIQ8b7NXbBLq5j9i5bJ6XLYtD6qlDXT7fdKY2KscWWUF8t18xx052Y/PUO1K1TRc9yKA==}

  '@simple-git/argv-parser@1.1.1':
    resolution: {integrity: sha512-Q9lBcfQ+VQCpQqGJFHe5yooOS5hGdLFFbJ5R+R5aDsnkPCahtn1hSkMcORX65J2Z5lxSkD0lQorMsncuBQxYUw==}

  '@types/bun@1.4.1':
    resolution: {integrity: sha512-0AVGiTXGajf1rgKom3N+c5L7CBxuoyyv1i44M0nX4UDK0G/fnRAMiri93nHuVPIb429KKtAgj7HatVmmOjeQLA==}

  '@types/chrome@0.2.8':
    resolution: {integrity: sha512-dznDYMiJUyuc7b+78PxnWhaGOonmbX/OmcWu7NE42sg/yTLJMYnJ7Uah40SLPNFiCh8reqcthk7vOva2+MSvzw==}

  '@types/filesystem@0.0.36':
    resolution: {integrity: sha512-vPDXOZuannb9FZdxgHnqSwAG/jvdGM8Wq+6N4D/d80z+D4HWH+bItqsZaVRQykAn6WEVeEkLm2oQigyHtgb0RA==}

  '@types/filewriter@0.0.33':
    resolution: {integrity: sha512-xFU8ZXTw4gd358lb2jw25nxY9QAgqn2+bKKjKOYfNCzN4DKCFetK7sPtrlpg66Ywe3vWY9FNxprZawAh9wfJ3g==}

  '@types/har-format@1.2.16':
    resolution: {integrity: sha512-fluxdy7ryD3MV6h8pTfTYpy/xQzCFC7m89nOH9y94cNqJ1mDIDPut7MnRHI3F6qRmh/cT2fUjG1MLdCNb4hE9A==}

  '@types/jquery@1.10.45':
    resolution: {integrity: sha512-JvoVtPbu1wrcOldn5gvuyJqr7DLX6I657N68Fqj5S7AUutdYZqabQjfP7dY6Gee7/Afo1uajwcORVlQfnsjkLQ==}

  '@types/node@25.9.5':
    resolution: {integrity: sha512-OScDchr2fwuUmWdf4kZ9h7PcJiYDVInhJizG/biAq3cAvqwYktuy/TYGGdZNMtNTFUP7rnb0NU4TUdm82kt4Rg==}

  '@types/node@26.4.1':
    resolution: {integrity: sha512-k97ENvZWtvA6yqz5/FS6a7duDgOPEeOQOc2iKS/nY6mX6qJUKtLnWzQS+Xj6tXweyj6ZcTAK2Qecetnvi9nCLA==}

  '@types/semver@6.2.7':
    resolution: {integrity: sha512-blctEWbzUFzQx799RZjzzIdBJOXmE37YYEyDtKkx5Dg+V7o/zyyAxLPiI98A2jdTtDgxZleMdfV+7p8WbRJ1OQ==}

  '@types/semver@7.8.0':
    resolution: {integrity: sha512-1mAINjtQCXXeLkJ9ehXkwOcBpqtLxiVtKhpUf83DdRNdQKV0iXZpaHYqRr7nj+wvxuJzoAmAwXI+sCNMv1CzLQ==}

  '@typescript/typescript-aix-ppc64@7.0.2':
    resolution: {integrity: sha512-MTKKkWB7p/0E9xi1d1tHtZ5PiLkGEMIq88pK2CubZjOsLtYTLqhgIgi6zepFa+9GHZ6h05NMCkQxGKiPXMxXtQ==}
    engines: {node: '>=16.20.0'}
    cpu: [ppc64]
    os: [aix]

  '@typescript/typescript-darwin-arm64@7.0.2':
    resolution: {integrity: sha512-gowzar9MwS/aRWp6f3a4KUqzRjAZjOsmGNCM6LcTgXum+dBfgsBVMN+AgvOCCbguXyick6LJhpBszxMebJ8syA==}
    engines: {node: '>=16.20.0'}
    cpu: [arm64]
    os: [darwin]

  '@typescript/typescript-darwin-x64@7.0.2':
    resolution: {integrity: sha512-SZ9xZInqApNlNGc9s0W1VSsktYSOe9cFqNOIqmN1Gs8SmkjKZYFt017G4VwPxASInODuAdbTW7sXiFUf893RgA==}
    engines: {node: '>=16.20.0'}
    cpu: [x64]
    os: [darwin]

  '@typescript/typescript-freebsd-arm64@7.0.2':
    resolution: {integrity: sha512-W5NH4y/J0plIIS5b2xvTEkU7JFxyqdMAOgf+Ilhl0vHQXKO5dZoxd+C/jEtq56c4F3wk71RB4BMRQ2XdI+bwYQ==}
    engines: {node: '>=16.20.0'}
    cpu: [arm64]
    os: [freebsd]

  '@typescript/typescript-freebsd-x64@7.0.2':
    resolution: {integrity: sha512-UMGDx5sTpzNw3WiPebH7l90IWfJggEd+egHt/q6p7/Cm3zqoV7VxkGXt+3DxPIw8CcmvAB0j3sVVfbhX+M4Tpw==}
    engines: {node: '>=16.20.0'}
    cpu: [x64]
    os: [freebsd]

  '@typescript/typescript-linux-arm64@7.0.2':
    resolution: {integrity: sha512-Qh4eU4/y3yDjnfjjyPYihMj5/ODIlmt+Bzu17OI+fiSRDW57QmU5SiN63exPRNJPKUzcc1INa1NXdrJ+MqHjUQ==}
    engines: {node: '>=16.20.0'}
    cpu: [arm64]
    os: [linux]

  '@typescript/typescript-linux-arm@7.0.2':
    resolution: {integrity: sha512-gffT3xPz9sR7j/YJExkyPntrI0P2EP9XbOyWzth2/Gs0RstK+90RBcO0ncXoXy/beYll1SXw846Nf2zdnEz0QQ==}
    engines: {node: '>=16.20.0'}
    cpu: [arm]
    os: [linux]

  '@typescript/typescript-linux-loong64@7.0.2':
    resolution: {integrity: sha512-uEHck9i8hoAzXPiYRib1O7miOnz23SxIeVl6F4LXox+qov1K35jHcEW6VHKvZI+pyvl7fZEP4MCU5LYvIq1GuQ==}
    engines: {node: '>=16.20.0'}
    cpu: [loong64]
    os: [linux]

  '@typescript/typescript-linux-mips64el@7.0.2':
    resolution: {integrity: sha512-R4KvAMnE43W5Qeqb0Ly56O3mWMWIAgsMyz36DCaycd5nbg/9kzm0liw3JocfRqyJY0KPmzFjbswozXyW0DnIYA==}
    engines: {node: '>=16.20.0'}
    cpu: [mips64el]
    os: [linux]

  '@typescript/typescript-linux-ppc64@7.0.2':
    resolution: {integrity: sha512-DORx5b3sd/4S7eayxm4FQv+A7CrkUIGRaHiwI8oiHTAI1fAPWhF4J0vAlkC8biAlHSVVwxMQ3tjZ2/DVbnQiiA==}
    engines: {node: '>=16.20.0'}
    cpu: [ppc64]
    os: [linux]

  '@typescript/typescript-linux-riscv64@7.0.2':
    resolution: {integrity: sha512-wf0jqEDOjrPRnKwYRyyJDRo11KMbvMFrU+q4zqKyChODBzvlkbhNQfKvLxQCcwTpdDaXSHZTVuh0JoCrKCUMHQ==}
    engines: {node: '>=16.20.0'}
    cpu: [riscv64]
    os: [linux]

  '@typescript/typescript-linux-s390x@7.0.2':
    resolution: {integrity: sha512-IkwJc3L7yhytWd/ewjyxNDfOmswCm9GWMJT/ue/dU4aZNbwZeYAetq42VyLmsmSjvoX7z74X6ZaYCtzAr0EuGw==}
    engines: {node: '>=16.20.0'}
    cpu: [s390x]
    os: [linux]

  '@typescript/typescript-linux-x64@7.0.2':
    resolution: {integrity: sha512-EYdf2cNg7rgCWJnxCdJ+F3V39O8ihb37eHAu1LK8oAFizgTQbPOK7zHHXbPt8rX24COqODXeI3sIf0fCXG7H/A==}
    engines: {node: '>=16.20.0'}
    cpu: [x64]
    os: [linux]

  '@typescript/typescript-netbsd-arm64@7.0.2':
    resolution: {integrity: sha512-+polYF4MF04aPpO5FTkHran9yUQDSXqy5GiSDKpsll5jy3l3+g9QLhpf39T+ePtefhXLOGrLl0QIjkQP6VnelA==}
    engines: {node: '>=16.20.0'}
    cpu: [arm64]
    os: [netbsd]

  '@typescript/typescript-netbsd-x64@7.0.2':
    resolution: {integrity: sha512-8YIT0EHM/3dq10ZOVF/A7pc/YSMtbcecct4rWtexrnSCHOPcpC2KTLXfTCR6vDpnSiY12heNb1GiN/wu+T/FyA==}
    engines: {node: '>=16.20.0'}
    cpu: [x64]
    os: [netbsd]

  '@typescript/typescript-openbsd-arm64@7.0.2':
    resolution: {integrity: sha512-APT8+ClYnuYm1u9+kgGXoMj2VzWzcymwh2gNSQVySHfkRDGOTVkoWLjCmOQSaO+PoqQ57B0flRp9SA+7GnnkzQ==}
    engines: {node: '>=16.20.0'}
    cpu: [arm64]
    os: [openbsd]

  '@typescript/typescript-openbsd-x64@7.0.2':
    resolution: {integrity: sha512-yX7s+Q0Dln0Dt9tEzZsAjXXR/+ytBM7AlglaqyeMPxQszJ1JhlJdZ6jLA+IzldHtflX81em7lDao1xXu+aRRkg==}
    engines: {node: '>=16.20.0'}
    cpu: [x64]
    os: [openbsd]

  '@typescript/typescript-sunos-x64@7.0.2':
    resolution: {integrity: sha512-dLJDGaLZ1D4HPQn62u1n8mBDkJREwMsAkCdkwd4Ieqw+x3TUyTsqY0YiBCtE6H6OzzgGk3iuZ3vFWRS+E8/d1g==}
    engines: {node: '>=16.20.0'}
    cpu: [x64]
    os: [sunos]

  '@typescript/typescript-win32-arm64@7.0.2':
    resolution: {integrity: sha512-Gyl1Vy6OsWesLzmq+EP0Fb7b4Nid5232AvcA2SFcdYreldpNtYFFofPjnt62y9hQy7VTaZp65ICJjuAQRaVcIQ==}
    engines: {node: '>=16.20.0'}
    cpu: [arm64]
    os: [win32]

  '@typescript/typescript-win32-x64@7.0.2':
    resolution: {integrity: sha512-0BQ3HkAHHlKLSp1qRvf3SUhGpGsDuhB/jgFw75guyqbxJqEaS0Cw/VFO8i2nHglJUzQCRtMMR/IBAKE3ETMC4g==}
    engines: {node: '>=16.20.0'}
    cpu: [x64]
    os: [win32]

  balanced-match@1.0.2:
    resolution: {integrity: sha512-3oSeUO0TMV67hN1AmbXsK4yaqU7tjiHlbxRDZOpH0KW9+CeX4bRAaX0Anxt0tx2MrpRpWwQaPwIlISEJhYU5Pw==}

  brace-expansion@1.1.18:
    resolution: {integrity: sha512-Edep/X9fGqVNmzKBVsDYIOtD+z1tuezV70LBjdCst9Tqu76lsnvRiZ6oTic1n+/BIwX6QDGAO94PN4N2SADvtw==}

  bun-types@1.4.1:
    resolution: {integrity: sha512-loKuVrAFZKfEv+JvWkHRS9GW5IqLuLRjVXN9p+vZvBN86O5hf/pBZQ5hSoyipsrMmWObZBDvWnlmKvjKTM0PdA==}

  bun@1.4.2:
    resolution: {integrity: sha512-TrSXo6HJfIEaczpb3kjX82I2pL47vK1QUNmHRCUdz9IzaOwa9lzOXSWwu2l18YHE3sNfGRapVLd4nNm+22vVVA==}
    cpu: [arm64, x64]
    os: [darwin, linux, android, freebsd, win32]
    hasBin: true

  ccmoddb@https://codeload.github.com/CCDirectLink/CCModDB/tar.gz/5db0f12e388904b7c1b44ca256a76c21a012022e:
    resolution: {gitHosted: true, integrity: sha512-QLocv18SGUnLnE5DQsJPdKP8PGkJLQxsiA6/LXfNgX9TvSHwExyjMJ8ZmsUWw92moJ6XUwee/n6af+7nzn8POQ==, tarball: https://codeload.github.com/CCDirectLink/CCModDB/tar.gz/5db0f12e388904b7c1b44ca256a76c21a012022e}
    version: 1.0.0

  concat-map@0.0.1:
    resolution: {integrity: sha512-/Srv4dswyQNBfohGpz9o6Yb3Gz3SrUDqBH5rTuhGR7ahtlbYKnVxw2bCFMRljaA7EXHaXZ8wsHdodFvbkhKmqg==}

  crosscode-demonizer@https://codeload.github.com/krypciak/crosscode-demonizer/tar.gz/d310002e3b2a8835ed977f1dda0c013dbcb006eb:
    resolution: {gitHosted: true, integrity: sha512-lAiwx6Wr93hMmFYwR5jhpI3f7ZAA4aUDbuVuVvwv/o5040lkwAD56KXQ6saPMnWI3e8sGiBMAu41UqMqr8mPlw==, tarball: https://codeload.github.com/krypciak/crosscode-demonizer/tar.gz/d310002e3b2a8835ed977f1dda0c013dbcb006eb}
    version: 1.0.0

  debug@4.4.3:
    resolution: {integrity: sha512-RGwwWnwQvkVfavKVt22FGLw+xYSdzARwm0ru6DhTVA3umU5hZc28V3kO4stgYryrTlLpuvgI9GiijltAjNbcqA==}
    engines: {node: '>=6.0'}
    peerDependencies:
      supports-color: '*'
    peerDependenciesMeta:
      supports-color:
        optional: true

  esbuild@0.28.2:
    resolution: {integrity: sha512-HKVLS8dvII+xoKW9kmqxbRKrnWEXfJJr/FZhhJmiqIB0e053QNYFqOBouTMO/k5sID4MvCiUCvv8b9M4h32wIA==}
    engines: {node: '>=18'}
    hasBin: true

  fflate@0.8.3:
    resolution: {integrity: sha512-tbZNuJrLwGUp3zshBtdy4W+ORxZuIh8a5ilyIEQDC5rY1f3U20JMry0Ll3WBzU58EZKsEuJFXhb5gwv8CsPvgA==}

  fs.realpath@1.0.0:
    resolution: {integrity: sha512-OO0pH2lK6a0hZnAdau5ItzHPI6pUlvI7jMVnxUQRtw4owF2wk8lOSabtGDCTP4Ggrg2MbGnWO9X8K1t4+fGMDw==}

  fuzzysort@2.0.4:
    resolution: {integrity: sha512-Api1mJL+Ad7W7vnDZnWq5pGaXJjyencT+iKGia2PlHUcSsSzWwIQ3S1isiMpwpavjYtGd2FzhUIhnnhOULZgDw==}

  glob@7.2.3:
    resolution: {integrity: sha512-nFR0zLpU2YCaRxwoCJvL6UvCH2JFyFVIvwTLsIf21AuHlMskA1hhTdk+LlYJtOlYt9v6dvszD2BGRqBL+iQK9Q==}
    deprecated: Old versions of glob are not supported, and contain widely publicized security vulnerabilities, which have been fixed in the current version. Please update. Support for old versions may be purchased (at exorbitant rates) by contacting i@izs.me

  inflight@1.0.6:
    resolution: {integrity: sha512-k92I/b08q4wvFscXCLvqfsHCrjrF7yiXsQuIVvVE7N82W3+aqpzuUdBbfhWcy/FZR3/4IgflMgKLOsvPDrGCJA==}
    deprecated: This module is not supported, and leaks memory. Do not use it. Check out lru-cache if you want a good and tested way to coalesce async requests by a key value, which is much more comprehensive and powerful.

  inherits@2.0.4:
    resolution: {integrity: sha512-k/vGaX4/Yla3WzyMCvTQOXYeIHvqOKtnqBduzTHpzpQZzAskKMhZ2K+EnBiSM9zGSoIFeMpXKxa4dYeZIQqewQ==}

  marked@12.0.2:
    resolution: {integrity: sha512-qXUm7e/YKFoqFPYPa3Ukg9xlI5cyAtGmyEIzMfW//m6kXwCy2Ps9DYf5ioijFKQ8qyuscrHoY04iJGctu2Kg0Q==}
    engines: {node: '>= 18'}
    hasBin: true

  minimatch@3.1.5:
    resolution: {integrity: sha512-VgjWUsnnT6n+NUk6eZq77zeFdpW2LWDzP6zFGrCbHXiYNul5Dzqk2HHQ5uFH2DNW5Xbp8+jVzaeNt94ssEEl4w==}

  ms@2.1.3:
    resolution: {integrity: sha512-6FlzubTLZG3J2a/NVCAleEhjzq5oxgHyaCU9yYXvcLsvoVaHJq/s5xXI6/XXP6tz7R9xAOtHnSO/tXtF3WRTlA==}

  once@1.4.0:
    resolution: {integrity: sha512-lNaJgI+2Q5URQBkccEKHTQOPaXdUxnZZElQTZY0MFUAuaEqe1E+Nyvgdz/aIyNi6Z9MzO5dv1H8n58/GELp3+w==}

  oxfmt@0.60.0:
    resolution: {integrity: sha512-fViX6i+gJuZWY+jI/fnR6WRbRj70GZ9RlCd30MygJrHTUNc4DxvKHWw8vBjMjffv3PgU5qWDR0AzmojQByqaZA==}
    engines: {node: ^20.19.0 || >=22.12.0}
    hasBin: true
    peerDependencies:
      svelte: ^5.0.0
      vite-plus: '*'
    peerDependenciesMeta:
      svelte:
        optional: true
      vite-plus:
        optional: true

  path-is-absolute@1.0.1:
    resolution: {integrity: sha512-AVbw3UJ2e9bq64vSaS9Am0fje1Pa8pbGqTTsmXfaIiMpnr5DlDhfJOuLj9Sf95ZPVDAUerDfEk88MPmPe7UCQg==}
    engines: {node: '>=0.10.0'}

  pend@1.2.0:
    resolution: {integrity: sha512-F3asv42UuXchdzt+xXqfW1OGlVBe+mxa2mqI0pg5yAHZPvFmY3Y6drSf/GQ1A86WgWEN9Kzh/WrgKa6iGcHXLg==}

  rimraf@3.0.2:
    resolution: {integrity: sha512-JZkJMZkAGFFPP2YqXZXPbMlMBgsxzE8ILs4lMIX/2o0L9UBw9O/Y3o6wFw/i9YLapcUJWwqbi3kdxIPdC62TIA==}
    deprecated: Rimraf versions prior to v4 are no longer supported
    hasBin: true

  semver@7.8.5:
    resolution: {integrity: sha512-Y7/KDsb8LjooZpwaqGyulO6DQlksgCncchHGk+sZIY4SBvUocMBEFH5Ur1fI4dV+Jvl0w6cjvucaIi40puRioA==}
    engines: {node: '>=10'}
    hasBin: true

  simple-git@3.36.0:
    resolution: {integrity: sha512-cGQjLjK8bxJw4QuYT7gxHw3/IouVESbhahSsHrX97MzCL1gu2u7oy38W6L2ZIGECEfIBG4BabsWDPjBxJENv9Q==}

  tinypool@2.1.0:
    resolution: {integrity: sha512-Pugqs6M0m7Lv1I7FtxN4aoyToKg1C4tu+/381vH35y8oENM/Ai7f7C4StcoK4/+BSw9ebcS8jRiVrORFKCALLw==}
    engines: {node: ^20.0.0 || >=22.0.0}

  typescript@7.0.2:
    resolution: {integrity: sha512-8FYau96o3NKOhbjKi/qNvG/W5jhzxkbdm5sj9AbZ/5T5sWqn3hJgLfGx27sRKZWTvyzCP8dLRBTf5tBTSRVUNA==}
    engines: {node: '>=16.20.0'}
    hasBin: true

  ultimate-crosscode-typedefs@https://codeload.github.com/krypciak/ultimate-crosscode-typedefs/tar.gz/13484102baaff552c3c48a69e111c2cd0487d6d5:
    resolution: {gitHosted: true, tarball: https://codeload.github.com/krypciak/ultimate-crosscode-typedefs/tar.gz/13484102baaff552c3c48a69e111c2cd0487d6d5}
    version: 0.0.1
    engines: {node: '>=10.0.0'}

  undici-types@7.24.6:
    resolution: {integrity: sha512-WRNW+sJgj5OBN4/0JpHFqtqzhpbnV0GuB+OozA9gCL7a993SmU+1JBZCzLNxYsbMfIeDL+lTsphD5jN5N+n0zg==}

  undici-types@8.3.0:
    resolution: {integrity: sha512-j375ScV60dom+YkPFIfTLcOiPxkN/buHz5GobjLhixFuANaNs3C9l4GmrWqejgXWJ7BbJcFYpTEUkS1Ge8bpZQ==}

  wrappy@1.0.2:
    resolution: {integrity: sha512-l4Sp/DRseor9wL6EvV2+TuQn63dMkPjZ/sp9XkghTEbV9KlPS1xUsZ3u7/IQO4wxtcFB4bgpQPRcR3QCvezPcQ==}

  yauzl@3.4.0:
    resolution: {integrity: sha512-jIH9yLR9wqr0wOS0TpBvo/g/2UgZH5qePVbjgRliiF0BYvOZyaBknKsF+x9Iht0O6sqgnB93rCICdOZFecJuDw==}
    engines: {node: '>=12'}

snapshots:

  '@esbuild/aix-ppc64@0.28.2':
    optional: true

  '@esbuild/android-arm64@0.28.2':
    optional: true

  '@esbuild/android-arm@0.28.2':
    optional: true

  '@esbuild/android-x64@0.28.2':
    optional: true

  '@esbuild/darwin-arm64@0.28.2':
    optional: true

  '@esbuild/darwin-x64@0.28.2':
    optional: true

  '@esbuild/freebsd-arm64@0.28.2':
    optional: true

  '@esbuild/freebsd-x64@0.28.2':
    optional: true

  '@esbuild/linux-arm64@0.28.2':
    optional: true

  '@esbuild/linux-arm@0.28.2':
    optional: true

  '@esbuild/linux-ia32@0.28.2':
    optional: true

  '@esbuild/linux-loong64@0.28.2':
    optional: true

  '@esbuild/linux-mips64el@0.28.2':
    optional: true

  '@esbuild/linux-ppc64@0.28.2':
    optional: true

  '@esbuild/linux-riscv64@0.28.2':
    optional: true

  '@esbuild/linux-s390x@0.28.2':
    optional: true

  '@esbuild/linux-x64@0.28.2':
    optional: true

  '@esbuild/netbsd-arm64@0.28.2':
    optional: true

  '@esbuild/netbsd-x64@0.28.2':
    optional: true

  '@esbuild/openbsd-arm64@0.28.2':
    optional: true

  '@esbuild/openbsd-x64@0.28.2':
    optional: true

  '@esbuild/openharmony-arm64@0.28.2':
    optional: true

  '@esbuild/sunos-x64@0.28.2':
    optional: true

  '@esbuild/win32-arm64@0.28.2':
    optional: true

  '@esbuild/win32-ia32@0.28.2':
    optional: true

  '@esbuild/win32-x64@0.28.2':
    optional: true

  '@kwsites/file-exists@1.1.1':
    dependencies:
      debug: 4.4.3
    transitivePeerDependencies:
      - supports-color

  '@kwsites/promise-deferred@1.1.1': {}

  '@oven/bun-darwin-aarch64@1.4.2':
    optional: true

  '@oven/bun-darwin-x64@1.4.2':
    optional: true

  '@oven/bun-freebsd-aarch64@1.4.2':
    optional: true

  '@oven/bun-freebsd-x64@1.4.2':
    optional: true

  '@oven/bun-linux-aarch64-android@1.4.2':
    optional: true

  '@oven/bun-linux-aarch64-musl@1.4.2':
    optional: true

  '@oven/bun-linux-aarch64@1.4.2':
    optional: true

  '@oven/bun-linux-x64-android@1.4.2':
    optional: true

  '@oven/bun-linux-x64-musl@1.4.2':
    optional: true

  '@oven/bun-linux-x64@1.4.2':
    optional: true

  '@oven/bun-windows-aarch64@1.4.2':
    optional: true

  '@oven/bun-windows-x64@1.4.2':
    optional: true

  '@oxfmt/binding-android-arm-eabi@0.60.0':
    optional: true

  '@oxfmt/binding-android-arm64@0.60.0':
    optional: true

  '@oxfmt/binding-darwin-arm64@0.60.0':
    optional: true

  '@oxfmt/binding-darwin-x64@0.60.0':
    optional: true

  '@oxfmt/binding-freebsd-x64@0.60.0':
    optional: true

  '@oxfmt/binding-linux-arm-gnueabihf@0.60.0':
    optional: true

  '@oxfmt/binding-linux-arm-musleabihf@0.60.0':
    optional: true

  '@oxfmt/binding-linux-arm64-gnu@0.60.0':
    optional: true

  '@oxfmt/binding-linux-arm64-musl@0.60.0':
    optional: true

  '@oxfmt/binding-linux-ppc64-gnu@0.60.0':
    optional: true

  '@oxfmt/binding-linux-riscv64-gnu@0.60.0':
    optional: true

  '@oxfmt/binding-linux-riscv64-musl@0.60.0':
    optional: true

  '@oxfmt/binding-linux-s390x-gnu@0.60.0':
    optional: true

  '@oxfmt/binding-linux-x64-gnu@0.60.0':
    optional: true

  '@oxfmt/binding-linux-x64-musl@0.60.0':
    optional: true

  '@oxfmt/binding-openharmony-arm64@0.60.0':
    optional: true

  '@oxfmt/binding-win32-arm64-msvc@0.60.0':
    optional: true

  '@oxfmt/binding-win32-ia32-msvc@0.60.0':
    optional: true

  '@oxfmt/binding-win32-x64-msvc@0.60.0':
    optional: true

  '@simple-git/args-pathspec@1.0.3': {}

  '@simple-git/argv-parser@1.1.1':
    dependencies:
      '@simple-git/args-pathspec': 1.0.3

  '@types/bun@1.4.1':
    dependencies:
      bun-types: 1.4.1

  '@types/chrome@0.2.8':
    dependencies:
      '@types/filesystem': 0.0.36
      '@types/har-format': 1.2.16

  '@types/filesystem@0.0.36':
    dependencies:
      '@types/filewriter': 0.0.33

  '@types/filewriter@0.0.33': {}

  '@types/har-format@1.2.16': {}

  '@types/jquery@1.10.45': {}

  '@types/node@25.9.5':
    dependencies:
      undici-types: 7.24.6

  '@types/node@26.4.1':
    dependencies:
      undici-types: 8.3.0

  '@types/semver@6.2.7': {}

  '@types/semver@7.8.0': {}

  '@typescript/typescript-aix-ppc64@7.0.2':
    optional: true

  '@typescript/typescript-darwin-arm64@7.0.2':
    optional: true

  '@typescript/typescript-darwin-x64@7.0.2':
    optional: true

  '@typescript/typescript-freebsd-arm64@7.0.2':
    optional: true

  '@typescript/typescript-freebsd-x64@7.0.2':
    optional: true

  '@typescript/typescript-linux-arm64@7.0.2':
    optional: true

  '@typescript/typescript-linux-arm@7.0.2':
    optional: true

  '@typescript/typescript-linux-loong64@7.0.2':
    optional: true

  '@typescript/typescript-linux-mips64el@7.0.2':
    optional: true

  '@typescript/typescript-linux-ppc64@7.0.2':
    optional: true

  '@typescript/typescript-linux-riscv64@7.0.2':
    optional: true

  '@typescript/typescript-linux-s390x@7.0.2':
    optional: true

  '@typescript/typescript-linux-x64@7.0.2':
    optional: true

  '@typescript/typescript-netbsd-arm64@7.0.2':
    optional: true

  '@typescript/typescript-netbsd-x64@7.0.2':
    optional: true

  '@typescript/typescript-openbsd-arm64@7.0.2':
    optional: true

  '@typescript/typescript-openbsd-x64@7.0.2':
    optional: true

  '@typescript/typescript-sunos-x64@7.0.2':
    optional: true

  '@typescript/typescript-win32-arm64@7.0.2':
    optional: true

  '@typescript/typescript-win32-x64@7.0.2':
    optional: true

  balanced-match@1.0.2: {}

  brace-expansion@1.1.18:
    dependencies:
      balanced-match: 1.0.2
      concat-map: 0.0.1

  bun-types@1.4.1:
    dependencies:
      '@types/node': 26.4.1

  bun@1.4.2:
    optionalDependencies:
      '@oven/bun-darwin-aarch64': 1.4.2
      '@oven/bun-darwin-x64': 1.4.2
      '@oven/bun-freebsd-aarch64': 1.4.2
      '@oven/bun-freebsd-x64': 1.4.2
      '@oven/bun-linux-aarch64': 1.4.2
      '@oven/bun-linux-aarch64-android': 1.4.2
      '@oven/bun-linux-aarch64-musl': 1.4.2
      '@oven/bun-linux-x64': 1.4.2
      '@oven/bun-linux-x64-android': 1.4.2
      '@oven/bun-linux-x64-musl': 1.4.2
      '@oven/bun-windows-aarch64': 1.4.2
      '@oven/bun-windows-x64': 1.4.2

  ccmoddb@https://codeload.github.com/CCDirectLink/CCModDB/tar.gz/5db0f12e388904b7c1b44ca256a76c21a012022e:
    dependencies:
      '@types/semver': 7.8.0
      bun: 1.4.2
      semver: 7.8.5
      simple-git: 3.36.0
      yauzl: 3.4.0
    transitivePeerDependencies:
      - supports-color

  concat-map@0.0.1: {}

  crosscode-demonizer@https://codeload.github.com/krypciak/crosscode-demonizer/tar.gz/d310002e3b2a8835ed977f1dda0c013dbcb006eb: {}

  debug@4.4.3:
    dependencies:
      ms: 2.1.3

  esbuild@0.28.2:
    optionalDependencies:
      '@esbuild/aix-ppc64': 0.28.2
      '@esbuild/android-arm': 0.28.2
      '@esbuild/android-arm64': 0.28.2
      '@esbuild/android-x64': 0.28.2
      '@esbuild/darwin-arm64': 0.28.2
      '@esbuild/darwin-x64': 0.28.2
      '@esbuild/freebsd-arm64': 0.28.2
      '@esbuild/freebsd-x64': 0.28.2
      '@esbuild/linux-arm': 0.28.2
      '@esbuild/linux-arm64': 0.28.2
      '@esbuild/linux-ia32': 0.28.2
      '@esbuild/linux-loong64': 0.28.2
      '@esbuild/linux-mips64el': 0.28.2
      '@esbuild/linux-ppc64': 0.28.2
      '@esbuild/linux-riscv64': 0.28.2
      '@esbuild/linux-s390x': 0.28.2
      '@esbuild/linux-x64': 0.28.2
      '@esbuild/netbsd-arm64': 0.28.2
      '@esbuild/netbsd-x64': 0.28.2
      '@esbuild/openbsd-arm64': 0.28.2
      '@esbuild/openbsd-x64': 0.28.2
      '@esbuild/openharmony-arm64': 0.28.2
      '@esbuild/sunos-x64': 0.28.2
      '@esbuild/win32-arm64': 0.28.2
      '@esbuild/win32-ia32': 0.28.2
      '@esbuild/win32-x64': 0.28.2

  fflate@0.8.3: {}

  fs.realpath@1.0.0: {}

  fuzzysort@2.0.4: {}

  glob@7.2.3:
    dependencies:
      fs.realpath: 1.0.0
      inflight: 1.0.6
      inherits: 2.0.4
      minimatch: 3.1.5
      once: 1.4.0
      path-is-absolute: 1.0.1

  inflight@1.0.6:
    dependencies:
      once: 1.4.0
      wrappy: 1.0.2

  inherits@2.0.4: {}

  marked@12.0.2: {}

  minimatch@3.1.5:
    dependencies:
      brace-expansion: 1.1.18

  ms@2.1.3: {}

  once@1.4.0:
    dependencies:
      wrappy: 1.0.2

  oxfmt@0.60.0:
    dependencies:
      tinypool: 2.1.0
    optionalDependencies:
      '@oxfmt/binding-android-arm-eabi': 0.60.0
      '@oxfmt/binding-android-arm64': 0.60.0
      '@oxfmt/binding-darwin-arm64': 0.60.0
      '@oxfmt/binding-darwin-x64': 0.60.0
      '@oxfmt/binding-freebsd-x64': 0.60.0
      '@oxfmt/binding-linux-arm-gnueabihf': 0.60.0
      '@oxfmt/binding-linux-arm-musleabihf': 0.60.0
      '@oxfmt/binding-linux-arm64-gnu': 0.60.0
      '@oxfmt/binding-linux-arm64-musl': 0.60.0
      '@oxfmt/binding-linux-ppc64-gnu': 0.60.0
      '@oxfmt/binding-linux-riscv64-gnu': 0.60.0
      '@oxfmt/binding-linux-riscv64-musl': 0.60.0
      '@oxfmt/binding-linux-s390x-gnu': 0.60.0
      '@oxfmt/binding-linux-x64-gnu': 0.60.0
      '@oxfmt/binding-linux-x64-musl': 0.60.0
      '@oxfmt/binding-openharmony-arm64': 0.60.0
      '@oxfmt/binding-win32-arm64-msvc': 0.60.0
      '@oxfmt/binding-win32-ia32-msvc': 0.60.0
      '@oxfmt/binding-win32-x64-msvc': 0.60.0

  path-is-absolute@1.0.1: {}

  pend@1.2.0: {}

  rimraf@3.0.2:
    dependencies:
      glob: 7.2.3

  semver@7.8.5: {}

  simple-git@3.36.0:
    dependencies:
      '@kwsites/file-exists': 1.1.1
      '@kwsites/promise-deferred': 1.1.1
      '@simple-git/args-pathspec': 1.0.3
      '@simple-git/argv-parser': 1.1.1
      debug: 4.4.3
    transitivePeerDependencies:
      - supports-color

  tinypool@2.1.0: {}

  typescript@7.0.2:
    optionalDependencies:
      '@typescript/typescript-aix-ppc64': 7.0.2
      '@typescript/typescript-darwin-arm64': 7.0.2
      '@typescript/typescript-darwin-x64': 7.0.2
      '@typescript/typescript-freebsd-arm64': 7.0.2
      '@typescript/typescript-freebsd-x64': 7.0.2
      '@typescript/typescript-linux-arm': 7.0.2
      '@typescript/typescript-linux-arm64': 7.0.2
      '@typescript/typescript-linux-loong64': 7.0.2
      '@typescript/typescript-linux-mips64el': 7.0.2
      '@typescript/typescript-linux-ppc64': 7.0.2
      '@typescript/typescript-linux-riscv64': 7.0.2
      '@typescript/typescript-linux-s390x': 7.0.2
      '@typescript/typescript-linux-x64': 7.0.2
      '@typescript/typescript-netbsd-arm64': 7.0.2
      '@typescript/typescript-netbsd-x64': 7.0.2
      '@typescript/typescript-openbsd-arm64': 7.0.2
      '@typescript/typescript-openbsd-x64': 7.0.2
      '@typescript/typescript-sunos-x64': 7.0.2
      '@typescript/typescript-win32-arm64': 7.0.2
      '@typescript/typescript-win32-x64': 7.0.2

  ultimate-crosscode-typedefs@https://codeload.github.com/krypciak/ultimate-crosscode-typedefs/tar.gz/13484102baaff552c3c48a69e111c2cd0487d6d5:
    dependencies:
      '@types/jquery': 1.10.45
      '@types/node': 25.9.5
      '@types/semver': 6.2.7

  undici-types@7.24.6: {}

  undici-types@8.3.0: {}

  wrappy@1.0.2: {}

  yauzl@3.4.0:
    dependencies:
      pend: 1.2.0
