lockfileVersion: '9.0'

settings:
  autoInstallPeers: true
  excludeLinksFromLockfile: false

importers:

  .:
    dependencies:
      '@types/chrome':
        specifier: ^0.2.2
        version: 0.2.2
      '@types/jquery':
        specifier: '=1.10.x'
        version: 1.10.45
      '@types/node':
        specifier: ^26.1.0
        version: 26.1.0
      '@types/semver':
        specifier: ^7.5.8
        version: 7.5.8
      ccmoddb:
        specifier: github:CCDirectLink/CCModDB
        version: https://codeload.github.com/CCDirectLink/CCModDB/tar.gz/02a6592136067e64bcb81252392797fc48388944
      crosscode-demonizer:
        specifier: github:krypciak/crosscode-demonizer
        version: https://codeload.github.com/krypciak/crosscode-demonizer/tar.gz/d310002e3b2a8835ed977f1dda0c013dbcb006eb
      fuzzysort:
        specifier: ^2.0.4
        version: 2.0.4
      marked:
        specifier: '=12.0.2'
        version: 12.0.2
      rimraf:
        specifier: ^3.0.2
        version: 3.0.2
      ultimate-crosscode-typedefs:
        specifier: github:krypciak/ultimate-crosscode-typedefs
        version: https://codeload.github.com/krypciak/ultimate-crosscode-typedefs/tar.gz/927cf547e74ce7c02c838b2846dea22a56216e49
    devDependencies:
      '@types/bun':
        specifier: ^1.3.14
        version: 1.3.14
      bun:
        specifier: ^1.3.14
        version: 1.3.14
      esbuild:
        specifier: ^0.28.1
        version: 0.28.1
      fflate:
        specifier: ^0.8.3
        version: 0.8.3
      prettier:
        specifier: 3.9.4
        version: 3.9.4
      typescript:
        specifier: ^6.0.3
        version: 6.0.3

packages:

  '@esbuild/aix-ppc64@0.28.1':
    resolution: {integrity: sha512-Svl7tq8k/08+p6CXPpRjQ1fKX+1odH/BQbb48fV6fj3CWHhsoIOoY87w1oHXm0qEpkIK3ZfVgp0hed3XBXzXMQ==}
    engines: {node: '>=18'}
    cpu: [ppc64]
    os: [aix]

  '@esbuild/android-arm64@0.28.1':
    resolution: {integrity: sha512-34EGEbCIAgosYz6goLcopX6Mo7NyGv9tfwEM2/7Ce2VcVRk568iSvniGWcUXIy7wEDR1wzolcxcriFVrWYcwBg==}
    engines: {node: '>=18'}
    cpu: [arm64]
    os: [android]

  '@esbuild/android-arm@0.28.1':
    resolution: {integrity: sha512-0k2F129Xdio1TdJfzJ8sy1Q47vUD2NnwdhiAf7drUN1EBTfPf4hsFCtmMgu/6m8JSzsBrlmVjudMBQqOfG8usQ==}
    engines: {node: '>=18'}
    cpu: [arm]
    os: [android]

  '@esbuild/android-x64@0.28.1':
    resolution: {integrity: sha512-dbwY7ltSMDWsRatcRpCnES4F+im88OCUgGZjy52shC7GqHRE/cYlxNbB4Z4UpJswpcc4Qxd2oE/ufM0p61IKng==}
    engines: {node: '>=18'}
    cpu: [x64]
    os: [android]

  '@esbuild/darwin-arm64@0.28.1':
    resolution: {integrity: sha512-TZbWkQY7kvTAXbXUT7uVACR5cMHsDiSz9z7ZKAX/RTq/WJEk3QyRr0wZpNhBDX+/0CtdqUIJlOiodQcta6tY3Q==}
    engines: {node: '>=18'}
    cpu: [arm64]
    os: [darwin]

  '@esbuild/darwin-x64@0.28.1':
    resolution: {integrity: sha512-zfdzgK9ACBNZLI/CyHTOx81SyNbM6YXn7rxSgX97VjyiPl9W1i4Ka4fgKECEoFCKGpvBj5qArWIGgQjOwkgskQ==}
    engines: {node: '>=18'}
    cpu: [x64]
    os: [darwin]

  '@esbuild/freebsd-arm64@0.28.1':
    resolution: {integrity: sha512-wG2EA8ENdEI0qhkSZMjfqrdY+ziCYCPMmtZjjIwOmXFjmyzEHn+UUxk5of+SYsjtfs3VpnlC7QLzSI5hY/rOAw==}
    engines: {node: '>=18'}
    cpu: [arm64]
    os: [freebsd]

  '@esbuild/freebsd-x64@0.28.1':
    resolution: {integrity: sha512-i7dZ9vQgnvSCzi/rYCXNgtF/U+eKZNJBzu3eTQbRgHnM7tNSizLOkRFAl3qzVc/Op/u5YkHHa4pf/3DOYHthLQ==}
    engines: {node: '>=18'}
    cpu: [x64]
    os: [freebsd]

  '@esbuild/linux-arm64@0.28.1':
    resolution: {integrity: sha512-yHs+0uc8+nvEAfAfxrWQKK5peSNzBc4PegcMO0EJ2hT71uA7vB8Ihg2e77R2P7SG5uYjPbHlLLmve4LLLRCf0g==}
    engines: {node: '>=18'}
    cpu: [arm64]
    os: [linux]

  '@esbuild/linux-arm@0.28.1':
    resolution: {integrity: sha512-qVXBOHQS+d5Y722GwJzJUtOLlX7km3CraOaGormF1pDtPd2C/l1SHRPgjLunLGe51Sh5YYWKMFDyV4SxgMQYTQ==}
    engines: {node: '>=18'}
    cpu: [arm]
    os: [linux]

  '@esbuild/linux-ia32@0.28.1':
    resolution: {integrity: sha512-d1z4ZuP0ajrfz/FhGT4vv278rX8KnPPJx8i5+AtK7TYbx9Le9F1hyzurZpkEyjkGa9dUGhQow4C1NmeGvqxN2w==}
    engines: {node: '>=18'}
    cpu: [ia32]
    os: [linux]

  '@esbuild/linux-loong64@0.28.1':
    resolution: {integrity: sha512-M5sRjUVZrkm1OAPR3dlOYzNmN+loZKGVi1VUQGrwuqLcbR6qeAz+famMhjASeH3YVKvZz+zT1jlh/keC3Rj/lg==}
    engines: {node: '>=18'}
    cpu: [loong64]
    os: [linux]

  '@esbuild/linux-mips64el@0.28.1':
    resolution: {integrity: sha512-mRObBZeHh2OxcBFPWE/FjylkRgZdYuiTR3vaTozquCGOH14iP9oN4x4Ge81CoIDYQrXmIxpFumJBu5MtZpnQJQ==}
    engines: {node: '>=18'}
    cpu: [mips64el]
    os: [linux]

  '@esbuild/linux-ppc64@0.28.1':
    resolution: {integrity: sha512-slScBsMAb3GFDcdrCgLwZtPYRoH2H/youv10QiZyRjmsP48fznoveWytSgCI/R0ZcUgpc0ZhIUEx6LHts8yrfQ==}
    engines: {node: '>=18'}
    cpu: [ppc64]
    os: [linux]

  '@esbuild/linux-riscv64@0.28.1':
    resolution: {integrity: sha512-kw0owk1o0GFETUJyW0jc0G4Yzs0BHZn0JDZ8JRT088vjJYX777BAs1fDGxAC+q831qOs2DTC96mNsG2opdfyyQ==}
    engines: {node: '>=18'}
    cpu: [riscv64]
    os: [linux]

  '@esbuild/linux-s390x@0.28.1':
    resolution: {integrity: sha512-/lAIjX8aYFRByhh6L5rYtPEDRqa9de/4V/juOXcta5frjvzXO4/sqEtyytse0g3zZFuWu5cDN0MkLz2qRDD2Ag==}
    engines: {node: '>=18'}
    cpu: [s390x]
    os: [linux]

  '@esbuild/linux-x64@0.28.1':
    resolution: {integrity: sha512-u/anNYF2mmVOEDwLtnQ1wOr3EZ9sTNGLWrsYGYwHWzGA3Si84IOkHXlbWTD1NB+9/1lcnweYKO54uhxZydNzfA==}
    engines: {node: '>=18'}
    cpu: [x64]
    os: [linux]

  '@esbuild/netbsd-arm64@0.28.1':
    resolution: {integrity: sha512-oks0DYbLwWMmaakTsCb+zL4E+aHRVLom9IJZOAthMQEPiQmydXHkziYEsGYRx0uNV/IjEKGAV941JzH02pflqw==}
    engines: {node: '>=18'}
    cpu: [arm64]
    os: [netbsd]

  '@esbuild/netbsd-x64@0.28.1':
    resolution: {integrity: sha512-aeL6lAnN89Hz43Mlh1G8ARasbuoYvSITDEx0tHh5b7jJnHcssqgjy9Yx430GDpmCa6OyrKoS0aNRjKundRizGg==}
    engines: {node: '>=18'}
    cpu: [x64]
    os: [netbsd]

  '@esbuild/openbsd-arm64@0.28.1':
    resolution: {integrity: sha512-MEFJe5C3R8pwXdZ5Y21oo6m7ePiS0d9pWucn99O/wvyJZChoIQKrQDxKrGeW8F5+T0okTHesAmDeiHDTIq0V/Q==}
    engines: {node: '>=18'}
    cpu: [arm64]
    os: [openbsd]

  '@esbuild/openbsd-x64@0.28.1':
    resolution: {integrity: sha512-i/ZLIOafE0Z8cI/XANJAixoJL/uRAoS2xOA3rb0xN+KK0K177cMAsQYkzHtBrtMXAKuAc7HGgcWiZ/sRC1Nxgw==}
    engines: {node: '>=18'}
    cpu: [x64]
    os: [openbsd]

  '@esbuild/openharmony-arm64@0.28.1':
    resolution: {integrity: sha512-ge+Z7EXFNt2BO1oAMsVpiQ8EwndV9i1xXerAeTIK7AtPs3bKFXQM7nlRxDSIUIMeueR1CNXxqztLzdNeReKBJg==}
    engines: {node: '>=18'}
    cpu: [arm64]
    os: [openharmony]

  '@esbuild/sunos-x64@0.28.1':
    resolution: {integrity: sha512-BEjgtECkL3vY+SaSQ6nzVfiALUeFxpawyp8Jmf5PtYhf1Ug40N1h/hxlhts+f1FvSvarEigdxS3BlSMI2PJLcQ==}
    engines: {node: '>=18'}
    cpu: [x64]
    os: [sunos]

  '@esbuild/win32-arm64@0.28.1':
    resolution: {integrity: sha512-lCv9eK/H6ZJWbE7bh2nw54CZ9M2nupBxJcTsdk/QQnWkdSjKGuxmmH8/GWrlT1eMmZfn4dGcCjRte397WqfQXA==}
    engines: {node: '>=18'}
    cpu: [arm64]
    os: [win32]

  '@esbuild/win32-ia32@0.28.1':
    resolution: {integrity: sha512-zvb/mB2bSCoJOpoCBgYKKpX6YM6mJBlBUVUtVj41DlZJVEB6/0CKlRYxP5wWl1C1ILiCoAU5wZZ4q1P3qeS6Eg==}
    engines: {node: '>=18'}
    cpu: [ia32]
    os: [win32]

  '@esbuild/win32-x64@0.28.1':
    resolution: {integrity: sha512-bm4Mowrv+GXMlpWX++EcXw/iLyd1o3+bJkC2DkWXYVvgZCqD/bSj9ctZeAMC3cIxgjRVR2Dufaiu4YPxr5gW1A==}
    engines: {node: '>=18'}
    cpu: [x64]
    os: [win32]

  '@kwsites/file-exists@1.1.1':
    resolution: {integrity: sha512-m9/5YGR18lIwxSFDwfE3oA7bWuq9kdau6ugN4H2rJeyhFQZcG9AgSHkQtSD15a8WvTgfz9aikZMrKPHvbpqFiw==}

  '@kwsites/promise-deferred@1.1.1':
    resolution: {integrity: sha512-GaHYm+c0O9MjZRu0ongGBRbinu8gVAMd2UZjji6jVmqKtZluZnptXGWhz1E8j8D2HJ3f/yMxKAUC0b+57wncIw==}

  '@oven/bun-darwin-aarch64@1.3.12':
    resolution: {integrity: sha512-b6CQgT28Jx7uDwMTcGo7WFqUd1+wWTdp8XyPi/4LRcL/R4deKT7cLx/Q2ZCWAiK6ZU7yexoCaIaKun6azjRLVA==}
    cpu: [arm64]
    os: [darwin]

  '@oven/bun-darwin-aarch64@1.3.14':
    resolution: {integrity: sha512-Omj20SuiHBOUjUBIyqtkNjSUIjOtEOJwmbix/ZyFH4BaQ6OZTaaRWIR4TjHVz0yadHgli6lLTiAh1uarnvD49A==}
    cpu: [arm64]
    os: [darwin]

  '@oven/bun-darwin-x64-baseline@1.3.12':
    resolution: {integrity: sha512-9jKJNOc9ID3BxPBPR4r1Mp1Wqde89Twi5zo2LoEMLMKbqpvEM/WUGdJ0Vv7OX1QPEqVblFO6NMky5yY7rjDI2w==}
    cpu: [x64]
    os: [darwin]

  '@oven/bun-darwin-x64-baseline@1.3.14':
    resolution: {integrity: sha512-OSfsTZstc898HHElhU4NccaBGOSSDn5VfahiVTnidZ9B/+wb7WTyfZJaBeJcfjwJ9H2W9uTh2TGtl3UfcXgV9g==}
    cpu: [x64]
    os: [darwin]

  '@oven/bun-darwin-x64@1.3.12':
    resolution: {integrity: sha512-//6W21c+GinAMMmxD2hFrFmJH+ZlEwJYbLzAGqp0mLFTli9y74RMtDgI2n9pCupXSpU1Kr1sSylVW9yNbAG9Xg==}
    cpu: [x64]
    os: [darwin]

  '@oven/bun-darwin-x64@1.3.14':
    resolution: {integrity: sha512-FFj3QdU/OhlDyZOJ8CWfN5eWLpRlT4qjZg7lMQi7jA6GuoY5ajlO1zWLP/MuHYRSbXQUvV52RejNi8DVnAp13w==}
    cpu: [x64]
    os: [darwin]

  '@oven/bun-freebsd-aarch64@1.3.14':
    resolution: {integrity: sha512-LIKrXaFxAHybVO5Pf+9XP2FHUj/5APvXTUKk9dqHm5iFz4oH+W24cmhjkJirNujh9hKeTyrpWSe3no9JZKowIw==}
    cpu: [arm64]
    os: [freebsd]

  '@oven/bun-freebsd-x64@1.3.14':
    resolution: {integrity: sha512-uwD+fGUH1ADpIF3B1U2jWzzb20QwRLZfj5QZ28GUCGrAJ/nTmWrD6YYGsblCY1wuhldRez3lU40AyuvSCyLYmw==}
    cpu: [x64]
    os: [freebsd]

  '@oven/bun-linux-aarch64-android@1.3.14':
    resolution: {integrity: sha512-y4kq5b85lsrmFb9Xvi4w9mA5IEFJkLMrSmYn06q24KjL9rUWDWO3VFZEtteZxUN5+ec3Zm5S8OnJw1umaCbVjA==}
    cpu: [arm64]
    os: [android]

  '@oven/bun-linux-aarch64-musl@1.3.12':
    resolution: {integrity: sha512-HWIwFzm5fALd9Lli0CgaKb6xOGqODYyHpUTgkn/IHHuS/f3XDCu71+GgkyvfgCYbPoBSgBOfp5TzhRehPcgxow==}
    cpu: [arm64]
    os: [linux]

  '@oven/bun-linux-aarch64-musl@1.3.14':
    resolution: {integrity: sha512-jmqOA92Cd1NL/1XBd4bFkJLxQ86K0RW7ohxS2qzzAvuitO4JiIxjjTeCspoU44zCozH72HpfZfUE2On31OjnWA==}
    cpu: [arm64]
    os: [linux]

  '@oven/bun-linux-aarch64@1.3.12':
    resolution: {integrity: sha512-eTru6tk3K4Ya3SSkUqq/LbdEjwPqLlfINmIhRORrCExBdB1tQbk+WYYflaymO61fkrjnMAjmLTGqk/K37RMIGA==}
    cpu: [arm64]
    os: [linux]

  '@oven/bun-linux-aarch64@1.3.14':
    resolution: {integrity: sha512-X5SsPZHs+iYO8R/efIcRtc7gT2Q2DgPfliCxEkx4cXBumwkw0c/EsHMNwH3EgGpCDaZ7IYVPhpCG/xBOQHEwZw==}
    cpu: [arm64]
    os: [linux]

  '@oven/bun-linux-x64-android@1.3.14':
    resolution: {integrity: sha512-qe9e1d+3VAEU7nAA2ol9Jvmy/o99PVMSgZhHn7Q/9O3YcDrfEqyQ8zm4zoe5qTEo8HZH0dN03Le0Ys2eQPs7eg==}
    cpu: [x64]
    os: [android]

  '@oven/bun-linux-x64-baseline@1.3.12':
    resolution: {integrity: sha512-0y+lUiQsPvSGsyM/10KtxhVAQ20p6/D+vj01l6vo9gHpYUpyc1L9pSgaPa7SC9TuaiGASlM3Cb62bmSKW0E/3Q==}
    cpu: [x64]
    os: [linux]

  '@oven/bun-linux-x64-baseline@1.3.14':
    resolution: {integrity: sha512-q/8EdOC0yUE8FPeoOVq8/Pw5I9/tJaYmUfO/uDUAREx8IUnOJH1RJ5A3BjFqre8pvJoiZA9AovPJq5FnNNjSxA==}
    cpu: [x64]
    os: [linux]

  '@oven/bun-linux-x64-musl-baseline@1.3.12':
    resolution: {integrity: sha512-jdsnuFD3H0l4AHtf1nInRHYWIMTWqok0aW8WysjzN5Isn6rBTBGK/ZWX6XjdTgDgcuVbVOYHiLUHHrvT9N6psA==}
    cpu: [x64]
    os: [linux]

  '@oven/bun-linux-x64-musl-baseline@1.3.14':
    resolution: {integrity: sha512-n6iE71G4lQE4XkrZhQQcL5YUlxDbnq6nqV7zeQi33PMsLT/0kYE+RvHOtBWZ3w0wMdXZfINmp63hIb9ijUBGtw==}
    cpu: [x64]
    os: [linux]

  '@oven/bun-linux-x64-musl@1.3.12':
    resolution: {integrity: sha512-Zb7T3JxWlArSe44ATO5mtjLCBCt7kenWPl9CYD+zeqq9kHswMv8Cd3h/9uzdv2PA4Flrq57J5XBSuRdStTCXCw==}
    cpu: [x64]
    os: [linux]

  '@oven/bun-linux-x64-musl@1.3.14':
    resolution: {integrity: sha512-GBCB/k/sIqcr06eTNgg7g46qiUv35Jasx4XiccJ/n7RGqrE4RWUD/XJBbWFprVPjvqd59+QtSnS99XGqvftHfg==}
    cpu: [x64]
    os: [linux]

  '@oven/bun-linux-x64@1.3.12':
    resolution: {integrity: sha512-H75bcEn46lMDxd+P+R6Q/jlIKl/YO0ZXaalSyWhQHr7qNmFhQt3rOHurFoCxuwQeqFoToh0JpWVyMVzByZqgBQ==}
    cpu: [x64]
    os: [linux]

  '@oven/bun-linux-x64@1.3.14':
    resolution: {integrity: sha512-7OVTAKvwfPmSbIV1HpdOoVVx5VRc427GuPPne93N6vk4eQBPId9nXmZDh9/zGaKPdbVjVtQSZafWQoUjx38Utw==}
    cpu: [x64]
    os: [linux]

  '@oven/bun-windows-aarch64@1.3.12':
    resolution: {integrity: sha512-Oq0FIcCgL3JWf/4qRuxI5fxsOGyWJ1j904PDx/1TxxSCWWAu0Hh2o8ck4TcaPVv/3BMc1k6UxqQQKBrdP7a+qQ==}
    cpu: [arm64]
    os: [win32]

  '@oven/bun-windows-aarch64@1.3.14':
    resolution: {integrity: sha512-T7s3x/BsVKQObGU6QDkZeI6wKynzqGbBH1yI77jrrj5siElclxr3DQrDIk8CV4G5/SJq2HHq4kpLyYY2DKCSmA==}
    cpu: [arm64]
    os: [win32]

  '@oven/bun-windows-x64-baseline@1.3.12':
    resolution: {integrity: sha512-rV21md7QWnu3r/shev7IFMh6hX8BJHwofxESAofUT4yH866oCIbcNbzp6+fxrj4oGD8uisP6WoaTCboijv9yYg==}
    cpu: [x64]
    os: [win32]

  '@oven/bun-windows-x64-baseline@1.3.14':
    resolution: {integrity: sha512-uIjLUC1S9DWgICzuoMba7vurBJnBruE4S5CxnvmZkdqWVXRzx1Rgu636HoH+k0qeaQCFh3jeG3JQ1y6fRHv0sw==}
    cpu: [x64]
    os: [win32]

  '@oven/bun-windows-x64@1.3.12':
    resolution: {integrity: sha512-veSntY7pDLDh4XmxZMwTqxfoEVp0BDdeqCBoWL46/TigtniPtDFSTIWBxa6l/RcGzklUA/uqLqmsK/9cBZAm8Q==}
    cpu: [x64]
    os: [win32]

  '@oven/bun-windows-x64@1.3.14':
    resolution: {integrity: sha512-mUFWL3BoYkNpjd8e9PqROiFF/1Xeotq20mABJsiQH62jM1g5zqWh4khw1RZ6bX8Q8fWvlPaxG1PjofkmjUi3vg==}
    cpu: [x64]
    os: [win32]

  '@simple-git/args-pathspec@1.0.3':
    resolution: {integrity: sha512-ngJMaHlsWDTfjyq9F3VIQ8b7NXbBLq5j9i5bJ6XLYtD6qlDXT7fdKY2KscWWUF8t18xx052Y/PUO1K1TRc9yKA==}

  '@simple-git/argv-parser@1.1.1':
    resolution: {integrity: sha512-Q9lBcfQ+VQCpQqGJFHe5yooOS5hGdLFFbJ5R+R5aDsnkPCahtn1hSkMcORX65J2Z5lxSkD0lQorMsncuBQxYUw==}

  '@types/bun@1.3.14':
    resolution: {integrity: sha512-h1hFqFVcvAvD9j9K7ZW7vd82aSA+rTdznZa+5bwvCwqSB1jmmfLcbIWhOLx1/+boy/xmjgCs/OMUL8hRJSmnPw==}

  '@types/chrome@0.2.2':
    resolution: {integrity: sha512-8rSMZ4cvo2xmaSyQg0sN5yRL7oiDkntLoiHxUhfwQnv1mvnkrdoZ25SlNrKWmYKaeP50WvrfWj1pmc02+U9KKw==}

  '@types/filesystem@0.0.36':
    resolution: {integrity: sha512-vPDXOZuannb9FZdxgHnqSwAG/jvdGM8Wq+6N4D/d80z+D4HWH+bItqsZaVRQykAn6WEVeEkLm2oQigyHtgb0RA==}

  '@types/filewriter@0.0.33':
    resolution: {integrity: sha512-xFU8ZXTw4gd358lb2jw25nxY9QAgqn2+bKKjKOYfNCzN4DKCFetK7sPtrlpg66Ywe3vWY9FNxprZawAh9wfJ3g==}

  '@types/har-format@1.2.16':
    resolution: {integrity: sha512-fluxdy7ryD3MV6h8pTfTYpy/xQzCFC7m89nOH9y94cNqJ1mDIDPut7MnRHI3F6qRmh/cT2fUjG1MLdCNb4hE9A==}

  '@types/jquery@1.10.45':
    resolution: {integrity: sha512-JvoVtPbu1wrcOldn5gvuyJqr7DLX6I657N68Fqj5S7AUutdYZqabQjfP7dY6Gee7/Afo1uajwcORVlQfnsjkLQ==}

  '@types/node@25.5.0':
    resolution: {integrity: sha512-jp2P3tQMSxWugkCUKLRPVUpGaL5MVFwF8RDuSRztfwgN1wmqJeMSbKlnEtQqU8UrhTmzEmZdu2I6v2dpp7XIxw==}

  '@types/node@26.1.0':
    resolution: {integrity: sha512-O0A1G3xPGy4w7AgQdAQYUlQ+BKk2Oovw8eRpofyp5KdBZULnbe+WqaOVNrm705SHphCiG4XHsACrSmPu1f+Kgw==}

  '@types/semver@6.2.7':
    resolution: {integrity: sha512-blctEWbzUFzQx799RZjzzIdBJOXmE37YYEyDtKkx5Dg+V7o/zyyAxLPiI98A2jdTtDgxZleMdfV+7p8WbRJ1OQ==}

  '@types/semver@7.5.8':
    resolution: {integrity: sha512-I8EUhyrgfLrcTkzV3TSsGyl1tSuPrEDzr0yd5m90UgNxQkyDXULk3b6MlQqTCpZpNtWe1K0hzclnZkTcLBe2UQ==}

  '@types/semver@7.7.1':
    resolution: {integrity: sha512-FmgJfu+MOcQ370SD0ev7EI8TlCAfKYU+B4m5T3yXc1CiRN94g/SZPtsCkk506aUDtlMnFZvasDwHHUcZUEaYuA==}

  balanced-match@1.0.2:
    resolution: {integrity: sha512-3oSeUO0TMV67hN1AmbXsK4yaqU7tjiHlbxRDZOpH0KW9+CeX4bRAaX0Anxt0tx2MrpRpWwQaPwIlISEJhYU5Pw==}

  brace-expansion@1.1.11:
    resolution: {integrity: sha512-iCuPHDFgrHX7H2vEI/5xpz07zSHB00TpugqhmYtVmMO6518mCuRMoOYFldEBl0g187ufozdaHgWKcYFb61qGiA==}

  buffer-crc32@0.2.13:
    resolution: {integrity: sha512-VO9Ht/+p3SN7SKWqcrgEzjGbRSJYTx+Q1pTQC0wrWqHx0vpJraQ6GtHx8tvcg1rlK1byhU5gccxgOgj7B0TDkQ==}

  bun-types@1.3.14:
    resolution: {integrity: sha512-4N0ig0fEomHt5R0KCFWjovxow98rIoRwKolrYdCcknNwMekCXRnWEUvgu5soYV8QXtVsrUD8B95MBOZGPvr6KQ==}

  bun@1.3.12:
    resolution: {integrity: sha512-KLwDUqs5WIny/94F4xZ4QfaAE6YWyjR+s79pt/ItQhk2CG+PJQ5xL6VuOWhiyN2eP3fryZK95vog9CTLCaYV2Q==}
    cpu: [arm64, x64]
    os: [darwin, linux, win32]
    hasBin: true

  bun@1.3.14:
    resolution: {integrity: sha512-aB6GVd42x1Y5ie1K16SF+oLGtgSkwX9hgoDdIW88pjvfTccU8F1vfpoOt34QLv0dZ1v3XimtaxPlZUG81Gx9Zg==}
    cpu: [arm64, x64]
    os: [darwin, linux, android, freebsd, win32]
    hasBin: true

  ccmoddb@https://codeload.github.com/CCDirectLink/CCModDB/tar.gz/02a6592136067e64bcb81252392797fc48388944:
    resolution: {gitHosted: true, tarball: https://codeload.github.com/CCDirectLink/CCModDB/tar.gz/02a6592136067e64bcb81252392797fc48388944}
    version: 1.0.0

  concat-map@0.0.1:
    resolution: {integrity: sha512-/Srv4dswyQNBfohGpz9o6Yb3Gz3SrUDqBH5rTuhGR7ahtlbYKnVxw2bCFMRljaA7EXHaXZ8wsHdodFvbkhKmqg==}

  crosscode-demonizer@https://codeload.github.com/krypciak/crosscode-demonizer/tar.gz/d310002e3b2a8835ed977f1dda0c013dbcb006eb:
    resolution: {gitHosted: true, tarball: https://codeload.github.com/krypciak/crosscode-demonizer/tar.gz/d310002e3b2a8835ed977f1dda0c013dbcb006eb}
    version: 1.0.0

  debug@4.3.6:
    resolution: {integrity: sha512-O/09Bd4Z1fBrU4VzkhFqVgpPzaGbw6Sm9FEkBT1A/YBXQFGuuSxa1dN2nxgxS34JmKXqYx8CZAwEVoJFImUXIg==}
    engines: {node: '>=6.0'}
    peerDependencies:
      supports-color: '*'
    peerDependenciesMeta:
      supports-color:
        optional: true

  debug@4.4.3:
    resolution: {integrity: sha512-RGwwWnwQvkVfavKVt22FGLw+xYSdzARwm0ru6DhTVA3umU5hZc28V3kO4stgYryrTlLpuvgI9GiijltAjNbcqA==}
    engines: {node: '>=6.0'}
    peerDependencies:
      supports-color: '*'
    peerDependenciesMeta:
      supports-color:
        optional: true

  esbuild@0.28.1:
    resolution: {integrity: sha512-HrJrvZv5ayxBzPfwphOoNzkzOIIlifzk0KJrGK2c8R4+LKpMtpYLQeUdjnwjWv/LZlkH2laZk+4w78pi99D4Vw==}
    engines: {node: '>=18'}
    hasBin: true

  fflate@0.8.3:
    resolution: {integrity: sha512-tbZNuJrLwGUp3zshBtdy4W+ORxZuIh8a5ilyIEQDC5rY1f3U20JMry0Ll3WBzU58EZKsEuJFXhb5gwv8CsPvgA==}

  fs.realpath@1.0.0:
    resolution: {integrity: sha512-OO0pH2lK6a0hZnAdau5ItzHPI6pUlvI7jMVnxUQRtw4owF2wk8lOSabtGDCTP4Ggrg2MbGnWO9X8K1t4+fGMDw==}

  fuzzysort@2.0.4:
    resolution: {integrity: sha512-Api1mJL+Ad7W7vnDZnWq5pGaXJjyencT+iKGia2PlHUcSsSzWwIQ3S1isiMpwpavjYtGd2FzhUIhnnhOULZgDw==}

  glob@7.2.3:
    resolution: {integrity: sha512-nFR0zLpU2YCaRxwoCJvL6UvCH2JFyFVIvwTLsIf21AuHlMskA1hhTdk+LlYJtOlYt9v6dvszD2BGRqBL+iQK9Q==}
    deprecated: Old versions of glob are not supported, and contain widely publicized security vulnerabilities, which have been fixed in the current version. Please update. Support for old versions may be purchased (at exorbitant rates) by contacting i@izs.me

  inflight@1.0.6:
    resolution: {integrity: sha512-k92I/b08q4wvFscXCLvqfsHCrjrF7yiXsQuIVvVE7N82W3+aqpzuUdBbfhWcy/FZR3/4IgflMgKLOsvPDrGCJA==}
    deprecated: This module is not supported, and leaks memory. Do not use it. Check out lru-cache if you want a good and tested way to coalesce async requests by a key value, which is much more comprehensive and powerful.

  inherits@2.0.4:
    resolution: {integrity: sha512-k/vGaX4/Yla3WzyMCvTQOXYeIHvqOKtnqBduzTHpzpQZzAskKMhZ2K+EnBiSM9zGSoIFeMpXKxa4dYeZIQqewQ==}

  marked@12.0.2:
    resolution: {integrity: sha512-qXUm7e/YKFoqFPYPa3Ukg9xlI5cyAtGmyEIzMfW//m6kXwCy2Ps9DYf5ioijFKQ8qyuscrHoY04iJGctu2Kg0Q==}
    engines: {node: '>= 18'}
    hasBin: true

  minimatch@3.1.2:
    resolution: {integrity: sha512-J7p63hRiAjw1NDEww1W7i37+ByIrOWO5XQQAzZ3VOcL0PNybwpfmV/N05zFAzwQ9USyEcX6t3UO+K5aqBQOIHw==}

  ms@2.1.2:
    resolution: {integrity: sha512-sGkPx+VjMtmA6MX27oA4FBFELFCZZ4S4XqeGOXCv68tT+jb3vk/RyaKWP0PTKyWtmLSM0b+adUTEvbs1PEaH2w==}

  ms@2.1.3:
    resolution: {integrity: sha512-6FlzubTLZG3J2a/NVCAleEhjzq5oxgHyaCU9yYXvcLsvoVaHJq/s5xXI6/XXP6tz7R9xAOtHnSO/tXtF3WRTlA==}

  once@1.4.0:
    resolution: {integrity: sha512-lNaJgI+2Q5URQBkccEKHTQOPaXdUxnZZElQTZY0MFUAuaEqe1E+Nyvgdz/aIyNi6Z9MzO5dv1H8n58/GELp3+w==}

  path-is-absolute@1.0.1:
    resolution: {integrity: sha512-AVbw3UJ2e9bq64vSaS9Am0fje1Pa8pbGqTTsmXfaIiMpnr5DlDhfJOuLj9Sf95ZPVDAUerDfEk88MPmPe7UCQg==}
    engines: {node: '>=0.10.0'}

  pend@1.2.0:
    resolution: {integrity: sha512-F3asv42UuXchdzt+xXqfW1OGlVBe+mxa2mqI0pg5yAHZPvFmY3Y6drSf/GQ1A86WgWEN9Kzh/WrgKa6iGcHXLg==}

  prettier@3.9.4:
    resolution: {integrity: sha512-yWG/o/4oJfo036EKAfK6ACAoDOfHeRHx4tuxkfBZiauURiaSmYwlpOr5LQqKtIkRD2z1PLteme2WoxEnj4tHTg==}
    engines: {node: '>=14'}
    hasBin: true

  rimraf@3.0.2:
    resolution: {integrity: sha512-JZkJMZkAGFFPP2YqXZXPbMlMBgsxzE8ILs4lMIX/2o0L9UBw9O/Y3o6wFw/i9YLapcUJWwqbi3kdxIPdC62TIA==}
    deprecated: Rimraf versions prior to v4 are no longer supported
    hasBin: true

  semver@7.7.4:
    resolution: {integrity: sha512-vFKC2IEtQnVhpT78h1Yp8wzwrf8CM+MzKMHGJZfBtzhZNycRFnXsHk6E5TxIkkMsgNS7mdX3AGB7x2QM2di4lA==}
    engines: {node: '>=10'}
    hasBin: true

  simple-git@3.36.0:
    resolution: {integrity: sha512-cGQjLjK8bxJw4QuYT7gxHw3/IouVESbhahSsHrX97MzCL1gu2u7oy38W6L2ZIGECEfIBG4BabsWDPjBxJENv9Q==}

  typescript@6.0.3:
    resolution: {integrity: sha512-y2TvuxSZPDyQakkFRPZHKFm+KKVqIisdg9/CZwm9ftvKXLP8NRWj38/ODjNbr43SsoXqNuAisEf1GdCxqWcdBw==}
    engines: {node: '>=14.17'}
    hasBin: true

  ultimate-crosscode-typedefs@https://codeload.github.com/krypciak/ultimate-crosscode-typedefs/tar.gz/927cf547e74ce7c02c838b2846dea22a56216e49:
    resolution: {gitHosted: true, integrity: sha512-yrINePj+iwf0pTc1Wpvl1KrgZPP+K30ZlnCW9vyPl6JpeUxYHENNmuNis4rBiJw5LU7xSrtruQsG0VuJQJNHPg==, tarball: https://codeload.github.com/krypciak/ultimate-crosscode-typedefs/tar.gz/927cf547e74ce7c02c838b2846dea22a56216e49}
    version: 0.0.1
    engines: {node: '>=10.0.0'}

  undici-types@7.18.2:
    resolution: {integrity: sha512-AsuCzffGHJybSaRrmr5eHr81mwJU3kjw6M+uprWvCXiNeN9SOGwQ3Jn8jb8m3Z6izVgknn1R0FTCEAP2QrLY/w==}

  undici-types@8.3.0:
    resolution: {integrity: sha512-j375ScV60dom+YkPFIfTLcOiPxkN/buHz5GobjLhixFuANaNs3C9l4GmrWqejgXWJ7BbJcFYpTEUkS1Ge8bpZQ==}

  wrappy@1.0.2:
    resolution: {integrity: sha512-l4Sp/DRseor9wL6EvV2+TuQn63dMkPjZ/sp9XkghTEbV9KlPS1xUsZ3u7/IQO4wxtcFB4bgpQPRcR3QCvezPcQ==}

  yauzl@3.3.0:
    resolution: {integrity: sha512-PtGEvEP30p7sbIBJKUBjUnqgTVOyMURc4dLo9iNyAJnNIEz9pm88cCXF21w94Kg3k6RXkeZh5DHOGS0qEONvNQ==}
    engines: {node: '>=12'}

snapshots:

  '@esbuild/aix-ppc64@0.28.1':
    optional: true

  '@esbuild/android-arm64@0.28.1':
    optional: true

  '@esbuild/android-arm@0.28.1':
    optional: true

  '@esbuild/android-x64@0.28.1':
    optional: true

  '@esbuild/darwin-arm64@0.28.1':
    optional: true

  '@esbuild/darwin-x64@0.28.1':
    optional: true

  '@esbuild/freebsd-arm64@0.28.1':
    optional: true

  '@esbuild/freebsd-x64@0.28.1':
    optional: true

  '@esbuild/linux-arm64@0.28.1':
    optional: true

  '@esbuild/linux-arm@0.28.1':
    optional: true

  '@esbuild/linux-ia32@0.28.1':
    optional: true

  '@esbuild/linux-loong64@0.28.1':
    optional: true

  '@esbuild/linux-mips64el@0.28.1':
    optional: true

  '@esbuild/linux-ppc64@0.28.1':
    optional: true

  '@esbuild/linux-riscv64@0.28.1':
    optional: true

  '@esbuild/linux-s390x@0.28.1':
    optional: true

  '@esbuild/linux-x64@0.28.1':
    optional: true

  '@esbuild/netbsd-arm64@0.28.1':
    optional: true

  '@esbuild/netbsd-x64@0.28.1':
    optional: true

  '@esbuild/openbsd-arm64@0.28.1':
    optional: true

  '@esbuild/openbsd-x64@0.28.1':
    optional: true

  '@esbuild/openharmony-arm64@0.28.1':
    optional: true

  '@esbuild/sunos-x64@0.28.1':
    optional: true

  '@esbuild/win32-arm64@0.28.1':
    optional: true

  '@esbuild/win32-ia32@0.28.1':
    optional: true

  '@esbuild/win32-x64@0.28.1':
    optional: true

  '@kwsites/file-exists@1.1.1':
    dependencies:
      debug: 4.3.6
    transitivePeerDependencies:
      - supports-color

  '@kwsites/promise-deferred@1.1.1': {}

  '@oven/bun-darwin-aarch64@1.3.12':
    optional: true

  '@oven/bun-darwin-aarch64@1.3.14':
    optional: true

  '@oven/bun-darwin-x64-baseline@1.3.12':
    optional: true

  '@oven/bun-darwin-x64-baseline@1.3.14':
    optional: true

  '@oven/bun-darwin-x64@1.3.12':
    optional: true

  '@oven/bun-darwin-x64@1.3.14':
    optional: true

  '@oven/bun-freebsd-aarch64@1.3.14':
    optional: true

  '@oven/bun-freebsd-x64@1.3.14':
    optional: true

  '@oven/bun-linux-aarch64-android@1.3.14':
    optional: true

  '@oven/bun-linux-aarch64-musl@1.3.12':
    optional: true

  '@oven/bun-linux-aarch64-musl@1.3.14':
    optional: true

  '@oven/bun-linux-aarch64@1.3.12':
    optional: true

  '@oven/bun-linux-aarch64@1.3.14':
    optional: true

  '@oven/bun-linux-x64-android@1.3.14':
    optional: true

  '@oven/bun-linux-x64-baseline@1.3.12':
    optional: true

  '@oven/bun-linux-x64-baseline@1.3.14':
    optional: true

  '@oven/bun-linux-x64-musl-baseline@1.3.12':
    optional: true

  '@oven/bun-linux-x64-musl-baseline@1.3.14':
    optional: true

  '@oven/bun-linux-x64-musl@1.3.12':
    optional: true

  '@oven/bun-linux-x64-musl@1.3.14':
    optional: true

  '@oven/bun-linux-x64@1.3.12':
    optional: true

  '@oven/bun-linux-x64@1.3.14':
    optional: true

  '@oven/bun-windows-aarch64@1.3.12':
    optional: true

  '@oven/bun-windows-aarch64@1.3.14':
    optional: true

  '@oven/bun-windows-x64-baseline@1.3.12':
    optional: true

  '@oven/bun-windows-x64-baseline@1.3.14':
    optional: true

  '@oven/bun-windows-x64@1.3.12':
    optional: true

  '@oven/bun-windows-x64@1.3.14':
    optional: true

  '@simple-git/args-pathspec@1.0.3': {}

  '@simple-git/argv-parser@1.1.1':
    dependencies:
      '@simple-git/args-pathspec': 1.0.3

  '@types/bun@1.3.14':
    dependencies:
      bun-types: 1.3.14

  '@types/chrome@0.2.2':
    dependencies:
      '@types/filesystem': 0.0.36
      '@types/har-format': 1.2.16

  '@types/filesystem@0.0.36':
    dependencies:
      '@types/filewriter': 0.0.33

  '@types/filewriter@0.0.33': {}

  '@types/har-format@1.2.16': {}

  '@types/jquery@1.10.45': {}

  '@types/node@25.5.0':
    dependencies:
      undici-types: 7.18.2

  '@types/node@26.1.0':
    dependencies:
      undici-types: 8.3.0

  '@types/semver@6.2.7': {}

  '@types/semver@7.5.8': {}

  '@types/semver@7.7.1': {}

  balanced-match@1.0.2: {}

  brace-expansion@1.1.11:
    dependencies:
      balanced-match: 1.0.2
      concat-map: 0.0.1

  buffer-crc32@0.2.13: {}

  bun-types@1.3.14:
    dependencies:
      '@types/node': 25.5.0

  bun@1.3.12:
    optionalDependencies:
      '@oven/bun-darwin-aarch64': 1.3.12
      '@oven/bun-darwin-x64': 1.3.12
      '@oven/bun-darwin-x64-baseline': 1.3.12
      '@oven/bun-linux-aarch64': 1.3.12
      '@oven/bun-linux-aarch64-musl': 1.3.12
      '@oven/bun-linux-x64': 1.3.12
      '@oven/bun-linux-x64-baseline': 1.3.12
      '@oven/bun-linux-x64-musl': 1.3.12
      '@oven/bun-linux-x64-musl-baseline': 1.3.12
      '@oven/bun-windows-aarch64': 1.3.12
      '@oven/bun-windows-x64': 1.3.12
      '@oven/bun-windows-x64-baseline': 1.3.12

  bun@1.3.14:
    optionalDependencies:
      '@oven/bun-darwin-aarch64': 1.3.14
      '@oven/bun-darwin-x64': 1.3.14
      '@oven/bun-darwin-x64-baseline': 1.3.14
      '@oven/bun-freebsd-aarch64': 1.3.14
      '@oven/bun-freebsd-x64': 1.3.14
      '@oven/bun-linux-aarch64': 1.3.14
      '@oven/bun-linux-aarch64-android': 1.3.14
      '@oven/bun-linux-aarch64-musl': 1.3.14
      '@oven/bun-linux-x64': 1.3.14
      '@oven/bun-linux-x64-android': 1.3.14
      '@oven/bun-linux-x64-baseline': 1.3.14
      '@oven/bun-linux-x64-musl': 1.3.14
      '@oven/bun-linux-x64-musl-baseline': 1.3.14
      '@oven/bun-windows-aarch64': 1.3.14
      '@oven/bun-windows-x64': 1.3.14
      '@oven/bun-windows-x64-baseline': 1.3.14

  ccmoddb@https://codeload.github.com/CCDirectLink/CCModDB/tar.gz/02a6592136067e64bcb81252392797fc48388944:
    dependencies:
      '@types/semver': 7.7.1
      bun: 1.3.12
      semver: 7.7.4
      simple-git: 3.36.0
      yauzl: 3.3.0
    transitivePeerDependencies:
      - supports-color

  concat-map@0.0.1: {}

  crosscode-demonizer@https://codeload.github.com/krypciak/crosscode-demonizer/tar.gz/d310002e3b2a8835ed977f1dda0c013dbcb006eb: {}

  debug@4.3.6:
    dependencies:
      ms: 2.1.2

  debug@4.4.3:
    dependencies:
      ms: 2.1.3

  esbuild@0.28.1:
    optionalDependencies:
      '@esbuild/aix-ppc64': 0.28.1
      '@esbuild/android-arm': 0.28.1
      '@esbuild/android-arm64': 0.28.1
      '@esbuild/android-x64': 0.28.1
      '@esbuild/darwin-arm64': 0.28.1
      '@esbuild/darwin-x64': 0.28.1
      '@esbuild/freebsd-arm64': 0.28.1
      '@esbuild/freebsd-x64': 0.28.1
      '@esbuild/linux-arm': 0.28.1
      '@esbuild/linux-arm64': 0.28.1
      '@esbuild/linux-ia32': 0.28.1
      '@esbuild/linux-loong64': 0.28.1
      '@esbuild/linux-mips64el': 0.28.1
      '@esbuild/linux-ppc64': 0.28.1
      '@esbuild/linux-riscv64': 0.28.1
      '@esbuild/linux-s390x': 0.28.1
      '@esbuild/linux-x64': 0.28.1
      '@esbuild/netbsd-arm64': 0.28.1
      '@esbuild/netbsd-x64': 0.28.1
      '@esbuild/openbsd-arm64': 0.28.1
      '@esbuild/openbsd-x64': 0.28.1
      '@esbuild/openharmony-arm64': 0.28.1
      '@esbuild/sunos-x64': 0.28.1
      '@esbuild/win32-arm64': 0.28.1
      '@esbuild/win32-ia32': 0.28.1
      '@esbuild/win32-x64': 0.28.1

  fflate@0.8.3: {}

  fs.realpath@1.0.0: {}

  fuzzysort@2.0.4: {}

  glob@7.2.3:
    dependencies:
      fs.realpath: 1.0.0
      inflight: 1.0.6
      inherits: 2.0.4
      minimatch: 3.1.2
      once: 1.4.0
      path-is-absolute: 1.0.1

  inflight@1.0.6:
    dependencies:
      once: 1.4.0
      wrappy: 1.0.2

  inherits@2.0.4: {}

  marked@12.0.2: {}

  minimatch@3.1.2:
    dependencies:
      brace-expansion: 1.1.11

  ms@2.1.2: {}

  ms@2.1.3: {}

  once@1.4.0:
    dependencies:
      wrappy: 1.0.2

  path-is-absolute@1.0.1: {}

  pend@1.2.0: {}

  prettier@3.9.4: {}

  rimraf@3.0.2:
    dependencies:
      glob: 7.2.3

  semver@7.7.4: {}

  simple-git@3.36.0:
    dependencies:
      '@kwsites/file-exists': 1.1.1
      '@kwsites/promise-deferred': 1.1.1
      '@simple-git/args-pathspec': 1.0.3
      '@simple-git/argv-parser': 1.1.1
      debug: 4.4.3
    transitivePeerDependencies:
      - supports-color

  typescript@6.0.3: {}

  ultimate-crosscode-typedefs@https://codeload.github.com/krypciak/ultimate-crosscode-typedefs/tar.gz/927cf547e74ce7c02c838b2846dea22a56216e49:
    dependencies:
      '@types/jquery': 1.10.45
      '@types/node': 25.5.0
      '@types/semver': 6.2.7

  undici-types@7.18.2: {}

  undici-types@8.3.0: {}

  wrappy@1.0.2: {}

  yauzl@3.3.0:
    dependencies:
      buffer-crc32: 0.2.13
      pend: 1.2.0
